// !$*UTF8*$!
{
	archiveVersion = 1;
	classes = {
	};
	objectVersion = 46;
	objects = {

/* Begin PBXBuildFile section */
		D906E5F116DCAC55001D7932 /* DEACentralManager.m in Sources */ = {isa = PBXBuildFile; fileRef = D906E5F016DCAC55001D7932 /* DEACentralManager.m */; };
		D907A76B16E0393300EA8D5B /* DEABarometerViewCell.m in Sources */ = {isa = PBXBuildFile; fileRef = D907A76A16E0393300EA8D5B /* DEABarometerViewCell.m */; };
		D90C0C3A16DD6297002D3FFD /* DEABaseViewController.m in Sources */ = {isa = PBXBuildFile; fileRef = D90C0C3916DD6297002D3FFD /* DEABaseViewController.m */; };
		D90C0C3D16DD9133002D3FFD /* DEAHumidityService.m in Sources */ = {isa = PBXBuildFile; fileRef = D90C0C3C16DD9133002D3FFD /* DEAHumidityService.m */; };
		D90CFD09177812CF00F8242B /* static in Resources */ = {isa = PBXBuildFile; fileRef = D90CFD08177812CF00F8242B /* static */; };
		D91170531681251900E2D19A /* DEATemperatureService.m in Sources */ = {isa = PBXBuildFile; fileRef = D91170521681251900E2D19A /* DEATemperatureService.m */; };
		D91170561681461300E2D19A /* DEAAccelerometerService.m in Sources */ = {isa = PBXBuildFile; fileRef = D91170551681461300E2D19A /* DEAAccelerometerService.m */; };
		D9187E1D1739D3FF003AA71D /* DEASensorTagUtils.m in Sources */ = {isa = PBXBuildFile; fileRef = D9187E1C1739D3FF003AA71D /* DEASensorTagUtils.m */; };
		D92049D51742C836001380A6 /* CHANGES.md in Resources */ = {isa = PBXBuildFile; fileRef = D92049D41742C836001380A6 /* CHANGES.md */; };
		D9211E20175BBEFB0081143F /* DEMTemperatureViewCell.m in Sources */ = {isa = PBXBuildFile; fileRef = D9211E1F175BBEFB0081143F /* DEMTemperatureViewCell.m */; };
		D9211E23175BC2870081143F /* DEMMagnetometerViewCell.m in Sources */ = {isa = PBXBuildFile; fileRef = D9211E22175BC2870081143F /* DEMMagnetometerViewCell.m */; };
		D9211E26175BCA860081143F /* DEMGyroscopeViewCell.m in Sources */ = {isa = PBXBuildFile; fileRef = D9211E25175BCA860081143F /* DEMGyroscopeViewCell.m */; };
		D9211E29175BCF040081143F /* DEMHumidityViewCell.m in Sources */ = {isa = PBXBuildFile; fileRef = D9211E28175BCF030081143F /* DEMHumidityViewCell.m */; };
		D9268B4317306295009C4284 /* NSMutableArray+fifoQueue.m in Sources */ = {isa = PBXBuildFile; fileRef = D9268B4217306295009C4284 /* NSMutableArray+fifoQueue.m */; };
		D9268B46173081E2009C4284 /* DEADeviceInfoService.m in Sources */ = {isa = PBXBuildFile; fileRef = D9268B45173081E2009C4284 /* DEADeviceInfoService.m */; };
		D933CECF16DDAFA700EDDAD6 /* YMS128.c in Sources */ = {isa = PBXBuildFile; fileRef = D933CEC316DDAFA700EDDAD6 /* YMS128.c */; };
		D933CED016DDAFA700EDDAD6 /* YMSCBCentralManager.m in Sources */ = {isa = PBXBuildFile; fileRef = D933CEC616DDAFA700EDDAD6 /* YMSCBCentralManager.m */; };
		D933CED116DDAFA700EDDAD6 /* YMSCBCharacteristic.m in Sources */ = {isa = PBXBuildFile; fileRef = D933CEC816DDAFA700EDDAD6 /* YMSCBCharacteristic.m */; };
		D933CED216DDAFA700EDDAD6 /* YMSCBPeripheral.m in Sources */ = {isa = PBXBuildFile; fileRef = D933CECA16DDAFA700EDDAD6 /* YMSCBPeripheral.m */; };
		D933CED316DDAFA700EDDAD6 /* YMSCBService.m in Sources */ = {isa = PBXBuildFile; fileRef = D933CECC16DDAFA700EDDAD6 /* YMSCBService.m */; };
		D933CED416DDAFA700EDDAD6 /* YMSCBUtils.m in Sources */ = {isa = PBXBuildFile; fileRef = D933CECE16DDAFA700EDDAD6 /* YMSCBUtils.m */; };
		D93EAC5016E18711008B1BD3 /* DEAGyroscopeService.m in Sources */ = {isa = PBXBuildFile; fileRef = D93EAC4F16E18711008B1BD3 /* DEAGyroscopeService.m */; };
		D93EAC5316E18748008B1BD3 /* DEAGyroscopeViewCell.m in Sources */ = {isa = PBXBuildFile; fileRef = D93EAC5216E18748008B1BD3 /* DEAGyroscopeViewCell.m */; };
		D93EAC5616E1DAC8008B1BD3 /* DEAMagnetometerViewCell.m in Sources */ = {isa = PBXBuildFile; fileRef = D93EAC5516E1DAC8008B1BD3 /* DEAMagnetometerViewCell.m */; };
		D93EAC5916E1DAF5008B1BD3 /* DEAMagnetometerService.m in Sources */ = {isa = PBXBuildFile; fileRef = D93EAC5816E1DAF5008B1BD3 /* DEAMagnetometerService.m */; };
		D9718B46167F9F9F0001E42C /* UIKit.framework in Frameworks */ = {isa = PBXBuildFile; fileRef = D9718B45167F9F9F0001E42C /* UIKit.framework */; };
		D9718B48167F9F9F0001E42C /* Foundation.framework in Frameworks */ = {isa = PBXBuildFile; fileRef = D9718B47167F9F9F0001E42C /* Foundation.framework */; };
		D9718B4A167F9F9F0001E42C /* CoreGraphics.framework in Frameworks */ = {isa = PBXBuildFile; fileRef = D9718B49167F9F9F0001E42C /* CoreGraphics.framework */; };
		D9718B50167F9F9F0001E42C /* InfoPlist.strings in Resources */ = {isa = PBXBuildFile; fileRef = D9718B4E167F9F9F0001E42C /* InfoPlist.strings */; };
		D9718B52167F9F9F0001E42C /* main.m in Sources */ = {isa = PBXBuildFile; fileRef = D9718B51167F9F9F0001E42C /* main.m */; };
		D9718B56167F9F9F0001E42C /* DEAAppDelegate.m in Sources */ = {isa = PBXBuildFile; fileRef = D9718B55167F9F9F0001E42C /* DEAAppDelegate.m */; };
		D9718B64167F9FA00001E42C /* SenTestingKit.framework in Frameworks */ = {isa = PBXBuildFile; fileRef = D9718B63167F9FA00001E42C /* SenTestingKit.framework */; };
		D9718B65167F9FA00001E42C /* UIKit.framework in Frameworks */ = {isa = PBXBuildFile; fileRef = D9718B45167F9F9F0001E42C /* UIKit.framework */; };
		D9718B66167F9FA00001E42C /* Foundation.framework in Frameworks */ = {isa = PBXBuildFile; fileRef = D9718B47167F9F9F0001E42C /* Foundation.framework */; };
		D9718B6E167F9FA00001E42C /* InfoPlist.strings in Resources */ = {isa = PBXBuildFile; fileRef = D9718B6C167F9FA00001E42C /* InfoPlist.strings */; };
		D9718B71167F9FA00001E42C /* DeannaTests.m in Sources */ = {isa = PBXBuildFile; fileRef = D9718B70167F9FA00001E42C /* DeannaTests.m */; };
		D9718B8F167FA5140001E42C /* CoreBluetooth.framework in Frameworks */ = {isa = PBXBuildFile; fileRef = D9718B8E167FA5140001E42C /* CoreBluetooth.framework */; };
		D97EC6D0172B08AB00CAECFC /* DEABaseService.m in Sources */ = {isa = PBXBuildFile; fileRef = D97EC6CF172B08AB00CAECFC /* DEABaseService.m */; };
		D97EC6D2172B1B8C00CAECFC /* README.md in Resources */ = {isa = PBXBuildFile; fileRef = D97EC6D1172B1B8C00CAECFC /* README.md */; };
		D9812904173F3804008EA8D5 /* YMSCBStoredPeripherals.m in Sources */ = {isa = PBXBuildFile; fileRef = D9812903173F3804008EA8D5 /* YMSCBStoredPeripherals.m */; };
		D988A5C616DD26A100D7D392 /* DEASensorTag.m in Sources */ = {isa = PBXBuildFile; fileRef = D988A5C516DD26A100D7D392 /* DEASensorTag.m */; };
		D988A5C816DD464A00D7D392 /* TISensorTag.c in Sources */ = {isa = PBXBuildFile; fileRef = D988A5C716DD464A00D7D392 /* TISensorTag.c */; };
		D9960A54173B0A1B0013C8E7 /* DEADeviceInfoViewCell.m in Sources */ = {isa = PBXBuildFile; fileRef = D9960A53173B0A1B0013C8E7 /* DEADeviceInfoViewCell.m */; };
		D9971AEA1720A9A100B1A068 /* DEAPeripheralTableViewCell.xib in Resources */ = {isa = PBXBuildFile; fileRef = D9971AE91720A9A100B1A068 /* DEAPeripheralTableViewCell.xib */; };
		D9971AEE1720AA7E00B1A068 /* DEAPeripheralTableViewCell.m in Sources */ = {isa = PBXBuildFile; fileRef = D9971AED1720AA7E00B1A068 /* DEAPeripheralTableViewCell.m */; };
		D997AC9C175B245800C91B0D /* InfoPlist.strings in Resources */ = {isa = PBXBuildFile; fileRef = D997AC9A175B245800C91B0D /* InfoPlist.strings */; };
		D997AC9E175B245800C91B0D /* main.m in Sources */ = {isa = PBXBuildFile; fileRef = D997AC9D175B245800C91B0D /* main.m */; };
		D997ACA2175B245800C91B0D /* Credits.rtf in Resources */ = {isa = PBXBuildFile; fileRef = D997ACA0175B245800C91B0D /* Credits.rtf */; };
		D997ACA5175B245800C91B0D /* DEMAppDelegate.m in Sources */ = {isa = PBXBuildFile; fileRef = D997ACA4175B245800C91B0D /* DEMAppDelegate.m */; };
		D997ACAE175B24AB00C91B0D /* IOBluetooth.framework in Frameworks */ = {isa = PBXBuildFile; fileRef = D997ACAC175B24AB00C91B0D /* IOBluetooth.framework */; };
		D997ACAF175B24AB00C91B0D /* IOBluetoothUI.framework in Frameworks */ = {isa = PBXBuildFile; fileRef = D997ACAD175B24AB00C91B0D /* IOBluetoothUI.framework */; };
		D997ACB1175B24B700C91B0D /* Cocoa.framework in Frameworks */ = {isa = PBXBuildFile; fileRef = D997ACB0175B24B700C91B0D /* Cocoa.framework */; };
		D997ACB3175B24C800C91B0D /* Foundation.framework in Frameworks */ = {isa = PBXBuildFile; fileRef = D997ACB2175B24C800C91B0D /* Foundation.framework */; };
		D997ACB6175B254500C91B0D /* YMS128.c in Sources */ = {isa = PBXBuildFile; fileRef = D933CEC316DDAFA700EDDAD6 /* YMS128.c */; };
		D997ACB7175B254500C91B0D /* YMSCBCentralManager.m in Sources */ = {isa = PBXBuildFile; fileRef = D933CEC616DDAFA700EDDAD6 /* YMSCBCentralManager.m */; };
		D997ACB8175B254500C91B0D /* YMSCBPeripheral.m in Sources */ = {isa = PBXBuildFile; fileRef = D933CECA16DDAFA700EDDAD6 /* YMSCBPeripheral.m */; };
		D997ACB9175B254500C91B0D /* YMSCBService.m in Sources */ = {isa = PBXBuildFile; fileRef = D933CECC16DDAFA700EDDAD6 /* YMSCBService.m */; };
		D997ACBA175B254500C91B0D /* YMSCBCharacteristic.m in Sources */ = {isa = PBXBuildFile; fileRef = D933CEC816DDAFA700EDDAD6 /* YMSCBCharacteristic.m */; };
		D997ACBB175B254500C91B0D /* YMSCBUtils.m in Sources */ = {isa = PBXBuildFile; fileRef = D933CECE16DDAFA700EDDAD6 /* YMSCBUtils.m */; };
		D997ACBC175B254500C91B0D /* YMSCBStoredPeripherals.m in Sources */ = {isa = PBXBuildFile; fileRef = D9812903173F3804008EA8D5 /* YMSCBStoredPeripherals.m */; };
		D997ACBD175B254500C91B0D /* YMSCBDescriptor.m in Sources */ = {isa = PBXBuildFile; fileRef = D9AA81C81753E00700C2836D /* YMSCBDescriptor.m */; };
		D997ACBE175B254500C91B0D /* NSMutableArray+fifoQueue.m in Sources */ = {isa = PBXBuildFile; fileRef = D9268B4217306295009C4284 /* NSMutableArray+fifoQueue.m */; };
		D997ACBF175B255E00C91B0D /* DEACentralManager.m in Sources */ = {isa = PBXBuildFile; fileRef = D906E5F016DCAC55001D7932 /* DEACentralManager.m */; };
		D997ACC0175B255E00C91B0D /* TISensorTag.c in Sources */ = {isa = PBXBuildFile; fileRef = D988A5C716DD464A00D7D392 /* TISensorTag.c */; };
		D997ACC1175B255E00C91B0D /* DEASensorTagUtils.m in Sources */ = {isa = PBXBuildFile; fileRef = D9187E1C1739D3FF003AA71D /* DEASensorTagUtils.m */; };
		D997ACC2175B255E00C91B0D /* DEASensorTag.m in Sources */ = {isa = PBXBuildFile; fileRef = D988A5C516DD26A100D7D392 /* DEASensorTag.m */; };
		D997ACC3175B257000C91B0D /* DEABaseService.m in Sources */ = {isa = PBXBuildFile; fileRef = D97EC6CF172B08AB00CAECFC /* DEABaseService.m */; };
		D997ACC4175B257000C91B0D /* DEAAccelerometerService.m in Sources */ = {isa = PBXBuildFile; fileRef = D91170551681461300E2D19A /* DEAAccelerometerService.m */; };
		D997ACC5175B257000C91B0D /* DEABarometerService.m in Sources */ = {isa = PBXBuildFile; fileRef = D9DE671016E0223E00F1B15C /* DEABarometerService.m */; };
		D997ACC6175B257000C91B0D /* DEADeviceInfoService.m in Sources */ = {isa = PBXBuildFile; fileRef = D9268B45173081E2009C4284 /* DEADeviceInfoService.m */; };
		D997ACC7175B257000C91B0D /* DEAGyroscopeService.m in Sources */ = {isa = PBXBuildFile; fileRef = D93EAC4F16E18711008B1BD3 /* DEAGyroscopeService.m */; };
		D997ACC8175B257000C91B0D /* DEAHumidityService.m in Sources */ = {isa = PBXBuildFile; fileRef = D90C0C3C16DD9133002D3FFD /* DEAHumidityService.m */; };
		D997ACC9175B257000C91B0D /* DEAMagnetometerService.m in Sources */ = {isa = PBXBuildFile; fileRef = D93EAC5816E1DAF5008B1BD3 /* DEAMagnetometerService.m */; };
		D997ACCA175B257000C91B0D /* DEASimpleKeysService.m in Sources */ = {isa = PBXBuildFile; fileRef = D9D8316C168449FD00F51E42 /* DEASimpleKeysService.m */; };
		D997ACCB175B257000C91B0D /* DEATemperatureService.m in Sources */ = {isa = PBXBuildFile; fileRef = D91170521681251900E2D19A /* DEATemperatureService.m */; };
		D997ACCD175B27C000C91B0D /* MainMenu.xib in Resources */ = {isa = PBXBuildFile; fileRef = D997ACCC175B27C000C91B0D /* MainMenu.xib */; };
		D997ACD1175B287200C91B0D /* DEASensorTagWindow.xib in Resources */ = {isa = PBXBuildFile; fileRef = D997ACD0175B287200C91B0D /* DEASensorTagWindow.xib */; };
		D997ACDA175B288900C91B0D /* DEMPeripheralViewCell.m in Sources */ = {isa = PBXBuildFile; fileRef = D997ACD3175B288900C91B0D /* DEMPeripheralViewCell.m */; };
		D997ACDB175B288900C91B0D /* DEMBaseViewCell.m in Sources */ = {isa = PBXBuildFile; fileRef = D997ACD5175B288900C91B0D /* DEMBaseViewCell.m */; };
		D997ACDC175B288900C91B0D /* DEMAccelerometerViewCell.m in Sources */ = {isa = PBXBuildFile; fileRef = D997ACD7175B288900C91B0D /* DEMAccelerometerViewCell.m */; };
		D997ACDD175B288900C91B0D /* DEMBarometerViewCell.m in Sources */ = {isa = PBXBuildFile; fileRef = D997ACD9175B288900C91B0D /* DEMBarometerViewCell.m */; };
		D997ACE0175B28E900C91B0D /* DEASensorTagWindow.m in Sources */ = {isa = PBXBuildFile; fileRef = D997ACDF175B28E900C91B0D /* DEASensorTagWindow.m */; };
		D997ACE3175B331F00C91B0D /* DEMDeviceInfoViewCell.m in Sources */ = {isa = PBXBuildFile; fileRef = D997ACE2175B331F00C91B0D /* DEMDeviceInfoViewCell.m */; };
		D997ACE6175B3D0D00C91B0D /* DEMSimpleKeysViewCell.m in Sources */ = {isa = PBXBuildFile; fileRef = D997ACE5175B3D0D00C91B0D /* DEMSimpleKeysViewCell.m */; };
		D9AA81C91753E00700C2836D /* YMSCBDescriptor.m in Sources */ = {isa = PBXBuildFile; fileRef = D9AA81C81753E00700C2836D /* YMSCBDescriptor.m */; };
		D9C5012216AB37DD001D4D4F /* DEAPeripheralsViewController.m in Sources */ = {isa = PBXBuildFile; fileRef = D9C5012016AB37DD001D4D4F /* DEAPeripheralsViewController.m */; };
		D9C5012316AB37DD001D4D4F /* DEAPeripheralsViewController.xib in Resources */ = {isa = PBXBuildFile; fileRef = D9C5012116AB37DD001D4D4F /* DEAPeripheralsViewController.xib */; };
		D9C6137A177672BA00826EBF /* QuartzCore.framework in Frameworks */ = {isa = PBXBuildFile; fileRef = D9C61379177672BA00826EBF /* QuartzCore.framework */; };
		D9D70095177782CB0066AB1B /* DEATheme.m in Sources */ = {isa = PBXBuildFile; fileRef = D9D70094177782CB0066AB1B /* DEATheme.m */; };
		D9D70098177783DB0066AB1B /* DEADefaultTheme.m in Sources */ = {isa = PBXBuildFile; fileRef = D9D70097177783DB0066AB1B /* DEADefaultTheme.m */; };
		D9D8316D168449FE00F51E42 /* DEASimpleKeysService.m in Sources */ = {isa = PBXBuildFile; fileRef = D9D8316C168449FD00F51E42 /* DEASimpleKeysService.m */; };
		D9DE671116E0223E00F1B15C /* DEABarometerService.m in Sources */ = {isa = PBXBuildFile; fileRef = D9DE671016E0223E00F1B15C /* DEABarometerService.m */; };
		D9E012F71797D66400677FC1 /* Images.xcassets in Resources */ = {isa = PBXBuildFile; fileRef = D9E012F61797D66400677FC1 /* Images.xcassets */; };
		D9F412F016DED0030094FEFA /* DEASensorTagViewController.m in Sources */ = {isa = PBXBuildFile; fileRef = D9F412EE16DED0030094FEFA /* DEASensorTagViewController.m */; };
		D9F412F116DED0030094FEFA /* DEASensorTagViewController.xib in Resources */ = {isa = PBXBuildFile; fileRef = D9F412EF16DED0030094FEFA /* DEASensorTagViewController.xib */; };
		D9F412F416DED7510094FEFA /* DEATemperatureViewCell.m in Sources */ = {isa = PBXBuildFile; fileRef = D9F412F316DED7510094FEFA /* DEATemperatureViewCell.m */; };
		D9F412F716DEE76C0094FEFA /* DEAAccelerometerViewCell.m in Sources */ = {isa = PBXBuildFile; fileRef = D9F412F616DEE76C0094FEFA /* DEAAccelerometerViewCell.m */; };
		D9F412FA16DEF6140094FEFA /* DEAHumidityViewCell.m in Sources */ = {isa = PBXBuildFile; fileRef = D9F412F916DEF6130094FEFA /* DEAHumidityViewCell.m */; };
		D9F412FD16DEFA510094FEFA /* DEASimpleKeysViewCell.m in Sources */ = {isa = PBXBuildFile; fileRef = D9F412FC16DEFA510094FEFA /* DEASimpleKeysViewCell.m */; };
/* End PBXBuildFile section */

/* Begin PBXContainerItemProxy section */
		D9718B67167F9FA00001E42C /* PBXContainerItemProxy */ = {
			isa = PBXContainerItemProxy;
			containerPortal = D9718B38167F9F9F0001E42C /* Project object */;
			proxyType = 1;
			remoteGlobalIDString = D9718B40167F9F9F0001E42C;
			remoteInfo = Deanna;
		};
/* End PBXContainerItemProxy section */

/* Begin PBXFileReference section */
		D906E5EF16DCAC55001D7932 /* DEACentralManager.h */ = {isa = PBXFileReference; fileEncoding = 4; lastKnownFileType = sourcecode.c.h; path = DEACentralManager.h; sourceTree = "<group>"; };
		D906E5F016DCAC55001D7932 /* DEACentralManager.m */ = {isa = PBXFileReference; fileEncoding = 4; lastKnownFileType = sourcecode.c.objc; path = DEACentralManager.m; sourceTree = "<group>"; };
		D907A76916E0393300EA8D5B /* DEABarometerViewCell.h */ = {isa = PBXFileReference; fileEncoding = 4; lastKnownFileType = sourcecode.c.h; path = DEABarometerViewCell.h; sourceTree = "<group>"; };
		D907A76A16E0393300EA8D5B /* DEABarometerViewCell.m */ = {isa = PBXFileReference; fileEncoding = 4; lastKnownFileType = sourcecode.c.objc; path = DEABarometerViewCell.m; sourceTree = "<group>"; };
		D90C0C3816DD6297002D3FFD /* DEABaseViewController.h */ = {isa = PBXFileReference; fileEncoding = 4; lastKnownFileType = sourcecode.c.h; path = DEABaseViewController.h; sourceTree = "<group>"; };
		D90C0C3916DD6297002D3FFD /* DEABaseViewController.m */ = {isa = PBXFileReference; fileEncoding = 4; lastKnownFileType = sourcecode.c.objc; path = DEABaseViewController.m; sourceTree = "<group>"; };
		D90C0C3B16DD9133002D3FFD /* DEAHumidityService.h */ = {isa = PBXFileReference; fileEncoding = 4; lastKnownFileType = sourcecode.c.h; path = DEAHumidityService.h; sourceTree = "<group>"; };
		D90C0C3C16DD9133002D3FFD /* DEAHumidityService.m */ = {isa = PBXFileReference; fileEncoding = 4; lastKnownFileType = sourcecode.c.objc; path = DEAHumidityService.m; sourceTree = "<group>"; };
		D90CFD08177812CF00F8242B /* static */ = {isa = PBXFileReference; lastKnownFileType = folder; path = static; sourceTree = "<group>"; };
		D91170511681251900E2D19A /* DEATemperatureService.h */ = {isa = PBXFileReference; fileEncoding = 4; lastKnownFileType = sourcecode.c.h; path = DEATemperatureService.h; sourceTree = "<group>"; };
		D91170521681251900E2D19A /* DEATemperatureService.m */ = {isa = PBXFileReference; fileEncoding = 4; lastKnownFileType = sourcecode.c.objc; path = DEATemperatureService.m; sourceTree = "<group>"; };
		D91170541681461300E2D19A /* DEAAccelerometerService.h */ = {isa = PBXFileReference; fileEncoding = 4; lastKnownFileType = sourcecode.c.h; path = DEAAccelerometerService.h; sourceTree = "<group>"; };
		D91170551681461300E2D19A /* DEAAccelerometerService.m */ = {isa = PBXFileReference; fileEncoding = 4; lastKnownFileType = sourcecode.c.objc; path = DEAAccelerometerService.m; sourceTree = "<group>"; };
		D9187E1B1739D3FF003AA71D /* DEASensorTagUtils.h */ = {isa = PBXFileReference; fileEncoding = 4; lastKnownFileType = sourcecode.c.h; path = DEASensorTagUtils.h; sourceTree = "<group>"; };
		D9187E1C1739D3FF003AA71D /* DEASensorTagUtils.m */ = {isa = PBXFileReference; fileEncoding = 4; lastKnownFileType = sourcecode.c.objc; path = DEASensorTagUtils.m; sourceTree = "<group>"; };
		D92049D41742C836001380A6 /* CHANGES.md */ = {isa = PBXFileReference; fileEncoding = 4; lastKnownFileType = text; path = CHANGES.md; sourceTree = "<group>"; };
		D9211E1E175BBEFB0081143F /* DEMTemperatureViewCell.h */ = {isa = PBXFileReference; fileEncoding = 4; lastKnownFileType = sourcecode.c.h; path = DEMTemperatureViewCell.h; sourceTree = "<group>"; };
		D9211E1F175BBEFB0081143F /* DEMTemperatureViewCell.m */ = {isa = PBXFileReference; fileEncoding = 4; lastKnownFileType = sourcecode.c.objc; path = DEMTemperatureViewCell.m; sourceTree = "<group>"; };
		D9211E21175BC2870081143F /* DEMMagnetometerViewCell.h */ = {isa = PBXFileReference; fileEncoding = 4; lastKnownFileType = sourcecode.c.h; path = DEMMagnetometerViewCell.h; sourceTree = "<group>"; };
		D9211E22175BC2870081143F /* DEMMagnetometerViewCell.m */ = {isa = PBXFileReference; fileEncoding = 4; lastKnownFileType = sourcecode.c.objc; path = DEMMagnetometerViewCell.m; sourceTree = "<group>"; };
		D9211E24175BCA860081143F /* DEMGyroscopeViewCell.h */ = {isa = PBXFileReference; fileEncoding = 4; lastKnownFileType = sourcecode.c.h; path = DEMGyroscopeViewCell.h; sourceTree = "<group>"; };
		D9211E25175BCA860081143F /* DEMGyroscopeViewCell.m */ = {isa = PBXFileReference; fileEncoding = 4; lastKnownFileType = sourcecode.c.objc; path = DEMGyroscopeViewCell.m; sourceTree = "<group>"; };
		D9211E27175BCF030081143F /* DEMHumidityViewCell.h */ = {isa = PBXFileReference; fileEncoding = 4; lastKnownFileType = sourcecode.c.h; path = DEMHumidityViewCell.h; sourceTree = "<group>"; };
		D9211E28175BCF030081143F /* DEMHumidityViewCell.m */ = {isa = PBXFileReference; fileEncoding = 4; lastKnownFileType = sourcecode.c.objc; path = DEMHumidityViewCell.m; sourceTree = "<group>"; };
		D9268B4117306295009C4284 /* NSMutableArray+fifoQueue.h */ = {isa = PBXFileReference; fileEncoding = 4; lastKnownFileType = sourcecode.c.h; path = "NSMutableArray+fifoQueue.h"; sourceTree = "<group>"; };
		D9268B4217306295009C4284 /* NSMutableArray+fifoQueue.m */ = {isa = PBXFileReference; fileEncoding = 4; lastKnownFileType = sourcecode.c.objc; path = "NSMutableArray+fifoQueue.m"; sourceTree = "<group>"; };
		D9268B44173081E2009C4284 /* DEADeviceInfoService.h */ = {isa = PBXFileReference; fileEncoding = 4; lastKnownFileType = sourcecode.c.h; path = DEADeviceInfoService.h; sourceTree = "<group>"; };
		D9268B45173081E2009C4284 /* DEADeviceInfoService.m */ = {isa = PBXFileReference; fileEncoding = 4; lastKnownFileType = sourcecode.c.objc; path = DEADeviceInfoService.m; sourceTree = "<group>"; };
		D933CEC316DDAFA700EDDAD6 /* YMS128.c */ = {isa = PBXFileReference; fileEncoding = 4; lastKnownFileType = sourcecode.c.c; path = YMS128.c; sourceTree = "<group>"; };
		D933CEC416DDAFA700EDDAD6 /* YMS128.h */ = {isa = PBXFileReference; fileEncoding = 4; lastKnownFileType = sourcecode.c.h; path = YMS128.h; sourceTree = "<group>"; };
		D933CEC516DDAFA700EDDAD6 /* YMSCBCentralManager.h */ = {isa = PBXFileReference; fileEncoding = 4; lastKnownFileType = sourcecode.c.h; path = YMSCBCentralManager.h; sourceTree = "<group>"; };
		D933CEC616DDAFA700EDDAD6 /* YMSCBCentralManager.m */ = {isa = PBXFileReference; fileEncoding = 4; lastKnownFileType = sourcecode.c.objc; path = YMSCBCentralManager.m; sourceTree = "<group>"; };
		D933CEC716DDAFA700EDDAD6 /* YMSCBCharacteristic.h */ = {isa = PBXFileReference; fileEncoding = 4; lastKnownFileType = sourcecode.c.h; path = YMSCBCharacteristic.h; sourceTree = "<group>"; };
		D933CEC816DDAFA700EDDAD6 /* YMSCBCharacteristic.m */ = {isa = PBXFileReference; fileEncoding = 4; lastKnownFileType = sourcecode.c.objc; path = YMSCBCharacteristic.m; sourceTree = "<group>"; };
		D933CEC916DDAFA700EDDAD6 /* YMSCBPeripheral.h */ = {isa = PBXFileReference; fileEncoding = 4; lastKnownFileType = sourcecode.c.h; path = YMSCBPeripheral.h; sourceTree = "<group>"; };
		D933CECA16DDAFA700EDDAD6 /* YMSCBPeripheral.m */ = {isa = PBXFileReference; fileEncoding = 4; lastKnownFileType = sourcecode.c.objc; path = YMSCBPeripheral.m; sourceTree = "<group>"; };
		D933CECB16DDAFA700EDDAD6 /* YMSCBService.h */ = {isa = PBXFileReference; fileEncoding = 4; lastKnownFileType = sourcecode.c.h; path = YMSCBService.h; sourceTree = "<group>"; };
		D933CECC16DDAFA700EDDAD6 /* YMSCBService.m */ = {isa = PBXFileReference; fileEncoding = 4; lastKnownFileType = sourcecode.c.objc; path = YMSCBService.m; sourceTree = "<group>"; };
		D933CECD16DDAFA700EDDAD6 /* YMSCBUtils.h */ = {isa = PBXFileReference; fileEncoding = 4; lastKnownFileType = sourcecode.c.h; path = YMSCBUtils.h; sourceTree = "<group>"; };
		D933CECE16DDAFA700EDDAD6 /* YMSCBUtils.m */ = {isa = PBXFileReference; fileEncoding = 4; lastKnownFileType = sourcecode.c.objc; path = YMSCBUtils.m; sourceTree = "<group>"; };
		D93EAC4E16E18711008B1BD3 /* DEAGyroscopeService.h */ = {isa = PBXFileReference; fileEncoding = 4; lastKnownFileType = sourcecode.c.h; path = DEAGyroscopeService.h; sourceTree = "<group>"; };
		D93EAC4F16E18711008B1BD3 /* DEAGyroscopeService.m */ = {isa = PBXFileReference; fileEncoding = 4; lastKnownFileType = sourcecode.c.objc; path = DEAGyroscopeService.m; sourceTree = "<group>"; };
		D93EAC5116E18748008B1BD3 /* DEAGyroscopeViewCell.h */ = {isa = PBXFileReference; fileEncoding = 4; lastKnownFileType = sourcecode.c.h; path = DEAGyroscopeViewCell.h; sourceTree = "<group>"; };
		D93EAC5216E18748008B1BD3 /* DEAGyroscopeViewCell.m */ = {isa = PBXFileReference; fileEncoding = 4; lastKnownFileType = sourcecode.c.objc; path = DEAGyroscopeViewCell.m; sourceTree = "<group>"; };
		D93EAC5416E1DAC8008B1BD3 /* DEAMagnetometerViewCell.h */ = {isa = PBXFileReference; fileEncoding = 4; lastKnownFileType = sourcecode.c.h; path = DEAMagnetometerViewCell.h; sourceTree = "<group>"; };
		D93EAC5516E1DAC8008B1BD3 /* DEAMagnetometerViewCell.m */ = {isa = PBXFileReference; fileEncoding = 4; lastKnownFileType = sourcecode.c.objc; path = DEAMagnetometerViewCell.m; sourceTree = "<group>"; };
		D93EAC5716E1DAF5008B1BD3 /* DEAMagnetometerService.h */ = {isa = PBXFileReference; fileEncoding = 4; lastKnownFileType = sourcecode.c.h; path = DEAMagnetometerService.h; sourceTree = "<group>"; };
		D93EAC5816E1DAF5008B1BD3 /* DEAMagnetometerService.m */ = {isa = PBXFileReference; fileEncoding = 4; lastKnownFileType = sourcecode.c.objc; path = DEAMagnetometerService.m; sourceTree = "<group>"; };
		D9718B41167F9F9F0001E42C /* Deanna.app */ = {isa = PBXFileReference; explicitFileType = wrapper.application; includeInIndex = 0; path = Deanna.app; sourceTree = BUILT_PRODUCTS_DIR; };
		D9718B45167F9F9F0001E42C /* UIKit.framework */ = {isa = PBXFileReference; lastKnownFileType = wrapper.framework; name = UIKit.framework; path = System/Library/Frameworks/UIKit.framework; sourceTree = SDKROOT; };
		D9718B47167F9F9F0001E42C /* Foundation.framework */ = {isa = PBXFileReference; lastKnownFileType = wrapper.framework; name = Foundation.framework; path = System/Library/Frameworks/Foundation.framework; sourceTree = SDKROOT; };
		D9718B49167F9F9F0001E42C /* CoreGraphics.framework */ = {isa = PBXFileReference; lastKnownFileType = wrapper.framework; name = CoreGraphics.framework; path = System/Library/Frameworks/CoreGraphics.framework; sourceTree = SDKROOT; };
		D9718B4D167F9F9F0001E42C /* Deanna-Info.plist */ = {isa = PBXFileReference; lastKnownFileType = text.plist.xml; path = "Deanna-Info.plist"; sourceTree = "<group>"; };
		D9718B4F167F9F9F0001E42C /* en */ = {isa = PBXFileReference; lastKnownFileType = text.plist.strings; name = en; path = en.lproj/InfoPlist.strings; sourceTree = "<group>"; };
		D9718B51167F9F9F0001E42C /* main.m */ = {isa = PBXFileReference; lastKnownFileType = sourcecode.c.objc; path = main.m; sourceTree = "<group>"; };
		D9718B53167F9F9F0001E42C /* Deanna-Prefix.pch */ = {isa = PBXFileReference; lastKnownFileType = sourcecode.c.h; path = "Deanna-Prefix.pch"; sourceTree = "<group>"; };
		D9718B54167F9F9F0001E42C /* DEAAppDelegate.h */ = {isa = PBXFileReference; lastKnownFileType = sourcecode.c.h; path = DEAAppDelegate.h; sourceTree = "<group>"; };
		D9718B55167F9F9F0001E42C /* DEAAppDelegate.m */ = {isa = PBXFileReference; lastKnownFileType = sourcecode.c.objc; path = DEAAppDelegate.m; sourceTree = "<group>"; };
		D9718B62167F9FA00001E42C /* DeannaTests.octest */ = {isa = PBXFileReference; explicitFileType = wrapper.cfbundle; includeInIndex = 0; path = DeannaTests.octest; sourceTree = BUILT_PRODUCTS_DIR; };
		D9718B63167F9FA00001E42C /* SenTestingKit.framework */ = {isa = PBXFileReference; lastKnownFileType = wrapper.framework; name = SenTestingKit.framework; path = Library/Frameworks/SenTestingKit.framework; sourceTree = DEVELOPER_DIR; };
		D9718B6B167F9FA00001E42C /* DeannaTests-Info.plist */ = {isa = PBXFileReference; lastKnownFileType = text.plist.xml; path = "DeannaTests-Info.plist"; sourceTree = "<group>"; };
		D9718B6D167F9FA00001E42C /* en */ = {isa = PBXFileReference; lastKnownFileType = text.plist.strings; name = en; path = en.lproj/InfoPlist.strings; sourceTree = "<group>"; };
		D9718B6F167F9FA00001E42C /* DeannaTests.h */ = {isa = PBXFileReference; lastKnownFileType = sourcecode.c.h; path = DeannaTests.h; sourceTree = "<group>"; };
		D9718B70167F9FA00001E42C /* DeannaTests.m */ = {isa = PBXFileReference; lastKnownFileType = sourcecode.c.objc; path = DeannaTests.m; sourceTree = "<group>"; };
		D9718B8E167FA5140001E42C /* CoreBluetooth.framework */ = {isa = PBXFileReference; lastKnownFileType = wrapper.framework; name = CoreBluetooth.framework; path = System/Library/Frameworks/CoreBluetooth.framework; sourceTree = SDKROOT; };
		D9718B94167FA91F0001E42C /* TISensorTag.h */ = {isa = PBXFileReference; lastKnownFileType = sourcecode.c.h; path = TISensorTag.h; sourceTree = "<group>"; };
		D97EC6CE172B08AB00CAECFC /* DEABaseService.h */ = {isa = PBXFileReference; fileEncoding = 4; lastKnownFileType = sourcecode.c.h; path = DEABaseService.h; sourceTree = "<group>"; };
		D97EC6CF172B08AB00CAECFC /* DEABaseService.m */ = {isa = PBXFileReference; fileEncoding = 4; lastKnownFileType = sourcecode.c.objc; path = DEABaseService.m; sourceTree = "<group>"; };
		D97EC6D1172B1B8C00CAECFC /* README.md */ = {isa = PBXFileReference; fileEncoding = 4; lastKnownFileType = text; path = README.md; sourceTree = "<group>"; };
		D9812902173F3804008EA8D5 /* YMSCBStoredPeripherals.h */ = {isa = PBXFileReference; fileEncoding = 4; lastKnownFileType = sourcecode.c.h; path = YMSCBStoredPeripherals.h; sourceTree = "<group>"; };
		D9812903173F3804008EA8D5 /* YMSCBStoredPeripherals.m */ = {isa = PBXFileReference; fileEncoding = 4; lastKnownFileType = sourcecode.c.objc; path = YMSCBStoredPeripherals.m; sourceTree = "<group>"; };
		D988A5C416DD26A100D7D392 /* DEASensorTag.h */ = {isa = PBXFileReference; fileEncoding = 4; lastKnownFileType = sourcecode.c.h; path = DEASensorTag.h; sourceTree = "<group>"; };
		D988A5C516DD26A100D7D392 /* DEASensorTag.m */ = {isa = PBXFileReference; fileEncoding = 4; lastKnownFileType = sourcecode.c.objc; path = DEASensorTag.m; sourceTree = "<group>"; };
		D988A5C716DD464A00D7D392 /* TISensorTag.c */ = {isa = PBXFileReference; fileEncoding = 4; lastKnownFileType = sourcecode.c.c; path = TISensorTag.c; sourceTree = "<group>"; };
		D9960A52173B0A1B0013C8E7 /* DEADeviceInfoViewCell.h */ = {isa = PBXFileReference; fileEncoding = 4; lastKnownFileType = sourcecode.c.h; path = DEADeviceInfoViewCell.h; sourceTree = "<group>"; };
		D9960A53173B0A1B0013C8E7 /* DEADeviceInfoViewCell.m */ = {isa = PBXFileReference; fileEncoding = 4; lastKnownFileType = sourcecode.c.objc; path = DEADeviceInfoViewCell.m; sourceTree = "<group>"; };
		D9971AE91720A9A100B1A068 /* DEAPeripheralTableViewCell.xib */ = {isa = PBXFileReference; fileEncoding = 4; lastKnownFileType = file.xib; path = DEAPeripheralTableViewCell.xib; sourceTree = "<group>"; };
		D9971AEC1720AA7E00B1A068 /* DEAPeripheralTableViewCell.h */ = {isa = PBXFileReference; fileEncoding = 4; lastKnownFileType = sourcecode.c.h; path = DEAPeripheralTableViewCell.h; sourceTree = "<group>"; };
		D9971AED1720AA7E00B1A068 /* DEAPeripheralTableViewCell.m */ = {isa = PBXFileReference; fileEncoding = 4; lastKnownFileType = sourcecode.c.objc; path = DEAPeripheralTableViewCell.m; sourceTree = "<group>"; };
		D997AC90175B245800C91B0D /* DeannaMac.app */ = {isa = PBXFileReference; explicitFileType = wrapper.application; includeInIndex = 0; path = DeannaMac.app; sourceTree = BUILT_PRODUCTS_DIR; };
		D997AC94175B245800C91B0D /* AppKit.framework */ = {isa = PBXFileReference; lastKnownFileType = wrapper.framework; name = AppKit.framework; path = Library/Frameworks/AppKit.framework; sourceTree = SDKROOT; };
		D997AC95175B245800C91B0D /* CoreData.framework */ = {isa = PBXFileReference; lastKnownFileType = wrapper.framework; name = CoreData.framework; path = Library/Frameworks/CoreData.framework; sourceTree = SDKROOT; };
		D997AC96175B245800C91B0D /* Foundation.framework */ = {isa = PBXFileReference; lastKnownFileType = wrapper.framework; name = Foundation.framework; path = Library/Frameworks/Foundation.framework; sourceTree = SDKROOT; };
		D997AC99175B245800C91B0D /* DeannaMac-Info.plist */ = {isa = PBXFileReference; lastKnownFileType = text.plist.xml; path = "DeannaMac-Info.plist"; sourceTree = "<group>"; };
		D997AC9B175B245800C91B0D /* en */ = {isa = PBXFileReference; lastKnownFileType = text.plist.strings; name = en; path = en.lproj/InfoPlist.strings; sourceTree = "<group>"; };
		D997AC9D175B245800C91B0D /* main.m */ = {isa = PBXFileReference; lastKnownFileType = sourcecode.c.objc; path = main.m; sourceTree = "<group>"; };
		D997AC9F175B245800C91B0D /* DeannaMac-Prefix.pch */ = {isa = PBXFileReference; lastKnownFileType = sourcecode.c.h; path = "DeannaMac-Prefix.pch"; sourceTree = "<group>"; };
		D997ACA1175B245800C91B0D /* en */ = {isa = PBXFileReference; lastKnownFileType = text.rtf; name = en; path = en.lproj/Credits.rtf; sourceTree = "<group>"; };
		D997ACA3175B245800C91B0D /* DEMAppDelegate.h */ = {isa = PBXFileReference; lastKnownFileType = sourcecode.c.h; path = DEMAppDelegate.h; sourceTree = "<group>"; };
		D997ACA4175B245800C91B0D /* DEMAppDelegate.m */ = {isa = PBXFileReference; lastKnownFileType = sourcecode.c.objc; path = DEMAppDelegate.m; sourceTree = "<group>"; };
		D997ACAC175B24AB00C91B0D /* IOBluetooth.framework */ = {isa = PBXFileReference; lastKnownFileType = wrapper.framework; name = IOBluetooth.framework; path = Platforms/MacOSX.platform/Developer/SDKs/MacOSX10.8.sdk/System/Library/Frameworks/IOBluetooth.framework; sourceTree = DEVELOPER_DIR; };
		D997ACAD175B24AB00C91B0D /* IOBluetoothUI.framework */ = {isa = PBXFileReference; lastKnownFileType = wrapper.framework; name = IOBluetoothUI.framework; path = Platforms/MacOSX.platform/Developer/SDKs/MacOSX10.8.sdk/System/Library/Frameworks/IOBluetoothUI.framework; sourceTree = DEVELOPER_DIR; };
		D997ACB0175B24B700C91B0D /* Cocoa.framework */ = {isa = PBXFileReference; lastKnownFileType = wrapper.framework; name = Cocoa.framework; path = Platforms/MacOSX.platform/Developer/SDKs/MacOSX10.8.sdk/System/Library/Frameworks/Cocoa.framework; sourceTree = DEVELOPER_DIR; };
		D997ACB2175B24C800C91B0D /* Foundation.framework */ = {isa = PBXFileReference; lastKnownFileType = wrapper.framework; name = Foundation.framework; path = Platforms/MacOSX.platform/Developer/SDKs/MacOSX10.8.sdk/System/Library/Frameworks/Foundation.framework; sourceTree = DEVELOPER_DIR; };
		D997ACCC175B27C000C91B0D /* MainMenu.xib */ = {isa = PBXFileReference; fileEncoding = 4; lastKnownFileType = file.xib; name = MainMenu.xib; path = ../en.lproj/MainMenu.xib; sourceTree = "<group>"; };
		D997ACD0175B287200C91B0D /* DEASensorTagWindow.xib */ = {isa = PBXFileReference; fileEncoding = 4; lastKnownFileType = file.xib; path = DEASensorTagWindow.xib; sourceTree = "<group>"; };
		D997ACD2175B288900C91B0D /* DEMPeripheralViewCell.h */ = {isa = PBXFileReference; fileEncoding = 4; lastKnownFileType = sourcecode.c.h; path = DEMPeripheralViewCell.h; sourceTree = "<group>"; };
		D997ACD3175B288900C91B0D /* DEMPeripheralViewCell.m */ = {isa = PBXFileReference; fileEncoding = 4; lastKnownFileType = sourcecode.c.objc; path = DEMPeripheralViewCell.m; sourceTree = "<group>"; };
		D997ACD4175B288900C91B0D /* DEMBaseViewCell.h */ = {isa = PBXFileReference; fileEncoding = 4; lastKnownFileType = sourcecode.c.h; path = DEMBaseViewCell.h; sourceTree = "<group>"; };
		D997ACD5175B288900C91B0D /* DEMBaseViewCell.m */ = {isa = PBXFileReference; fileEncoding = 4; lastKnownFileType = sourcecode.c.objc; path = DEMBaseViewCell.m; sourceTree = "<group>"; };
		D997ACD6175B288900C91B0D /* DEMAccelerometerViewCell.h */ = {isa = PBXFileReference; fileEncoding = 4; lastKnownFileType = sourcecode.c.h; path = DEMAccelerometerViewCell.h; sourceTree = "<group>"; };
		D997ACD7175B288900C91B0D /* DEMAccelerometerViewCell.m */ = {isa = PBXFileReference; fileEncoding = 4; lastKnownFileType = sourcecode.c.objc; path = DEMAccelerometerViewCell.m; sourceTree = "<group>"; };
		D997ACD8175B288900C91B0D /* DEMBarometerViewCell.h */ = {isa = PBXFileReference; fileEncoding = 4; lastKnownFileType = sourcecode.c.h; path = DEMBarometerViewCell.h; sourceTree = "<group>"; };
		D997ACD9175B288900C91B0D /* DEMBarometerViewCell.m */ = {isa = PBXFileReference; fileEncoding = 4; lastKnownFileType = sourcecode.c.objc; path = DEMBarometerViewCell.m; sourceTree = "<group>"; };
		D997ACDE175B28E900C91B0D /* DEASensorTagWindow.h */ = {isa = PBXFileReference; fileEncoding = 4; lastKnownFileType = sourcecode.c.h; path = DEASensorTagWindow.h; sourceTree = "<group>"; };
		D997ACDF175B28E900C91B0D /* DEASensorTagWindow.m */ = {isa = PBXFileReference; fileEncoding = 4; lastKnownFileType = sourcecode.c.objc; path = DEASensorTagWindow.m; sourceTree = "<group>"; };
		D997ACE1175B331E00C91B0D /* DEMDeviceInfoViewCell.h */ = {isa = PBXFileReference; fileEncoding = 4; lastKnownFileType = sourcecode.c.h; path = DEMDeviceInfoViewCell.h; sourceTree = "<group>"; };
		D997ACE2175B331F00C91B0D /* DEMDeviceInfoViewCell.m */ = {isa = PBXFileReference; fileEncoding = 4; lastKnownFileType = sourcecode.c.objc; path = DEMDeviceInfoViewCell.m; sourceTree = "<group>"; };
		D997ACE4175B3D0C00C91B0D /* DEMSimpleKeysViewCell.h */ = {isa = PBXFileReference; fileEncoding = 4; lastKnownFileType = sourcecode.c.h; path = DEMSimpleKeysViewCell.h; sourceTree = "<group>"; };
		D997ACE5175B3D0D00C91B0D /* DEMSimpleKeysViewCell.m */ = {isa = PBXFileReference; fileEncoding = 4; lastKnownFileType = sourcecode.c.objc; path = DEMSimpleKeysViewCell.m; sourceTree = "<group>"; };
		D9AA81C71753E00700C2836D /* YMSCBDescriptor.h */ = {isa = PBXFileReference; fileEncoding = 4; lastKnownFileType = sourcecode.c.h; path = YMSCBDescriptor.h; sourceTree = "<group>"; };
		D9AA81C81753E00700C2836D /* YMSCBDescriptor.m */ = {isa = PBXFileReference; fileEncoding = 4; lastKnownFileType = sourcecode.c.objc; path = YMSCBDescriptor.m; sourceTree = "<group>"; };
		D9C5011F16AB37DD001D4D4F /* DEAPeripheralsViewController.h */ = {isa = PBXFileReference; fileEncoding = 4; lastKnownFileType = sourcecode.c.h; path = DEAPeripheralsViewController.h; sourceTree = "<group>"; };
		D9C5012016AB37DD001D4D4F /* DEAPeripheralsViewController.m */ = {isa = PBXFileReference; fileEncoding = 4; lastKnownFileType = sourcecode.c.objc; path = DEAPeripheralsViewController.m; sourceTree = "<group>"; };
		D9C5012116AB37DD001D4D4F /* DEAPeripheralsViewController.xib */ = {isa = PBXFileReference; fileEncoding = 4; lastKnownFileType = file.xib; path = DEAPeripheralsViewController.xib; sourceTree = "<group>"; };
		D9C613751776621B00826EBF /* DEAStyleSheet.h */ = {isa = PBXFileReference; lastKnownFileType = sourcecode.c.h; path = DEAStyleSheet.h; sourceTree = "<group>"; };
		D9C61379177672BA00826EBF /* QuartzCore.framework */ = {isa = PBXFileReference; lastKnownFileType = wrapper.framework; name = QuartzCore.framework; path = System/Library/Frameworks/QuartzCore.framework; sourceTree = SDKROOT; };
		D9D70093177782CB0066AB1B /* DEATheme.h */ = {isa = PBXFileReference; fileEncoding = 4; lastKnownFileType = sourcecode.c.h; path = DEATheme.h; sourceTree = "<group>"; };
		D9D70094177782CB0066AB1B /* DEATheme.m */ = {isa = PBXFileReference; fileEncoding = 4; lastKnownFileType = sourcecode.c.objc; path = DEATheme.m; sourceTree = "<group>"; };
		D9D70096177783DB0066AB1B /* DEADefaultTheme.h */ = {isa = PBXFileReference; fileEncoding = 4; lastKnownFileType = sourcecode.c.h; path = DEADefaultTheme.h; sourceTree = "<group>"; };
		D9D70097177783DB0066AB1B /* DEADefaultTheme.m */ = {isa = PBXFileReference; fileEncoding = 4; lastKnownFileType = sourcecode.c.objc; path = DEADefaultTheme.m; sourceTree = "<group>"; };
		D9D8316B168449FD00F51E42 /* DEASimpleKeysService.h */ = {isa = PBXFileReference; fileEncoding = 4; lastKnownFileType = sourcecode.c.h; path = DEASimpleKeysService.h; sourceTree = "<group>"; };
		D9D8316C168449FD00F51E42 /* DEASimpleKeysService.m */ = {isa = PBXFileReference; fileEncoding = 4; lastKnownFileType = sourcecode.c.objc; path = DEASimpleKeysService.m; sourceTree = "<group>"; };
		D9DE670F16E0223E00F1B15C /* DEABarometerService.h */ = {isa = PBXFileReference; fileEncoding = 4; lastKnownFileType = sourcecode.c.h; path = DEABarometerService.h; sourceTree = "<group>"; };
		D9DE671016E0223E00F1B15C /* DEABarometerService.m */ = {isa = PBXFileReference; fileEncoding = 4; lastKnownFileType = sourcecode.c.objc; path = DEABarometerService.m; sourceTree = "<group>"; };
		D9E012F61797D66400677FC1 /* Images.xcassets */ = {isa = PBXFileReference; lastKnownFileType = folder.assetcatalog; path = Images.xcassets; sourceTree = "<group>"; };
		D9F412ED16DED0030094FEFA /* DEASensorTagViewController.h */ = {isa = PBXFileReference; fileEncoding = 4; lastKnownFileType = sourcecode.c.h; path = DEASensorTagViewController.h; sourceTree = "<group>"; };
		D9F412EE16DED0030094FEFA /* DEASensorTagViewController.m */ = {isa = PBXFileReference; fileEncoding = 4; lastKnownFileType = sourcecode.c.objc; path = DEASensorTagViewController.m; sourceTree = "<group>"; };
		D9F412EF16DED0030094FEFA /* DEASensorTagViewController.xib */ = {isa = PBXFileReference; fileEncoding = 4; lastKnownFileType = file.xib; path = DEASensorTagViewController.xib; sourceTree = "<group>"; };
		D9F412F216DED7510094FEFA /* DEATemperatureViewCell.h */ = {isa = PBXFileReference; fileEncoding = 4; lastKnownFileType = sourcecode.c.h; path = DEATemperatureViewCell.h; sourceTree = "<group>"; };
		D9F412F316DED7510094FEFA /* DEATemperatureViewCell.m */ = {isa = PBXFileReference; fileEncoding = 4; lastKnownFileType = sourcecode.c.objc; path = DEATemperatureViewCell.m; sourceTree = "<group>"; };
		D9F412F516DEE76C0094FEFA /* DEAAccelerometerViewCell.h */ = {isa = PBXFileReference; fileEncoding = 4; lastKnownFileType = sourcecode.c.h; path = DEAAccelerometerViewCell.h; sourceTree = "<group>"; };
		D9F412F616DEE76C0094FEFA /* DEAAccelerometerViewCell.m */ = {isa = PBXFileReference; fileEncoding = 4; lastKnownFileType = sourcecode.c.objc; path = DEAAccelerometerViewCell.m; sourceTree = "<group>"; };
		D9F412F816DEF6130094FEFA /* DEAHumidityViewCell.h */ = {isa = PBXFileReference; fileEncoding = 4; lastKnownFileType = sourcecode.c.h; path = DEAHumidityViewCell.h; sourceTree = "<group>"; };
		D9F412F916DEF6130094FEFA /* DEAHumidityViewCell.m */ = {isa = PBXFileReference; fileEncoding = 4; lastKnownFileType = sourcecode.c.objc; path = DEAHumidityViewCell.m; sourceTree = "<group>"; };
		D9F412FB16DEFA500094FEFA /* DEASimpleKeysViewCell.h */ = {isa = PBXFileReference; fileEncoding = 4; lastKnownFileType = sourcecode.c.h; path = DEASimpleKeysViewCell.h; sourceTree = "<group>"; };
		D9F412FC16DEFA510094FEFA /* DEASimpleKeysViewCell.m */ = {isa = PBXFileReference; fileEncoding = 4; lastKnownFileType = sourcecode.c.objc; path = DEASimpleKeysViewCell.m; sourceTree = "<group>"; };
/* End PBXFileReference section */

/* Begin PBXFrameworksBuildPhase section */
		D9718B3E167F9F9F0001E42C /* Frameworks */ = {
			isa = PBXFrameworksBuildPhase;
			buildActionMask = 2147483647;
			files = (
				D9C6137A177672BA00826EBF /* QuartzCore.framework in Frameworks */,
				D9718B8F167FA5140001E42C /* CoreBluetooth.framework in Frameworks */,
				D9718B46167F9F9F0001E42C /* UIKit.framework in Frameworks */,
				D9718B48167F9F9F0001E42C /* Foundation.framework in Frameworks */,
				D9718B4A167F9F9F0001E42C /* CoreGraphics.framework in Frameworks */,
			);
			runOnlyForDeploymentPostprocessing = 0;
		};
		D9718B5E167F9FA00001E42C /* Frameworks */ = {
			isa = PBXFrameworksBuildPhase;
			buildActionMask = 2147483647;
			files = (
				D9718B64167F9FA00001E42C /* SenTestingKit.framework in Frameworks */,
				D9718B65167F9FA00001E42C /* UIKit.framework in Frameworks */,
				D9718B66167F9FA00001E42C /* Foundation.framework in Frameworks */,
			);
			runOnlyForDeploymentPostprocessing = 0;
		};
		D997AC8D175B245800C91B0D /* Frameworks */ = {
			isa = PBXFrameworksBuildPhase;
			buildActionMask = 2147483647;
			files = (
				D997ACB3175B24C800C91B0D /* Foundation.framework in Frameworks */,
				D997ACB1175B24B700C91B0D /* Cocoa.framework in Frameworks */,
				D997ACAE175B24AB00C91B0D /* IOBluetooth.framework in Frameworks */,
				D997ACAF175B24AB00C91B0D /* IOBluetoothUI.framework in Frameworks */,
			);
			runOnlyForDeploymentPostprocessing = 0;
		};
/* End PBXFrameworksBuildPhase section */

/* Begin PBXGroup section */
		D933CEC216DDAFA700EDDAD6 /* YmsCoreBluetooth */ = {
			isa = PBXGroup;
			children = (
				D933CEC416DDAFA700EDDAD6 /* YMS128.h */,
				D933CEC316DDAFA700EDDAD6 /* YMS128.c */,
				D933CEC516DDAFA700EDDAD6 /* YMSCBCentralManager.h */,
				D933CEC616DDAFA700EDDAD6 /* YMSCBCentralManager.m */,
				D933CEC916DDAFA700EDDAD6 /* YMSCBPeripheral.h */,
				D933CECA16DDAFA700EDDAD6 /* YMSCBPeripheral.m */,
				D933CECB16DDAFA700EDDAD6 /* YMSCBService.h */,
				D933CECC16DDAFA700EDDAD6 /* YMSCBService.m */,
				D933CEC716DDAFA700EDDAD6 /* YMSCBCharacteristic.h */,
				D933CEC816DDAFA700EDDAD6 /* YMSCBCharacteristic.m */,
				D9AA81C71753E00700C2836D /* YMSCBDescriptor.h */,
				D9AA81C81753E00700C2836D /* YMSCBDescriptor.m */,
				D933CECD16DDAFA700EDDAD6 /* YMSCBUtils.h */,
				D933CECE16DDAFA700EDDAD6 /* YMSCBUtils.m */,
				D9812902173F3804008EA8D5 /* YMSCBStoredPeripherals.h */,
				D9812903173F3804008EA8D5 /* YMSCBStoredPeripherals.m */,
				D9268B4117306295009C4284 /* NSMutableArray+fifoQueue.h */,
				D9268B4217306295009C4284 /* NSMutableArray+fifoQueue.m */,
			);
			path = YmsCoreBluetooth;
			sourceTree = "<group>";
		};
		D9718B36167F9F9F0001E42C = {
			isa = PBXGroup;
			children = (
				D92049D41742C836001380A6 /* CHANGES.md */,
				D97EC6D1172B1B8C00CAECFC /* README.md */,
				D9AC598E1721208500FC786F /* Assets */,
				D933CEC216DDAFA700EDDAD6 /* YmsCoreBluetooth */,
				D9718B4B167F9F9F0001E42C /* Deanna */,
				D9718B69167F9FA00001E42C /* DeannaTests */,
				D997AC97175B245800C91B0D /* DeannaMac */,
				D90CFD08177812CF00F8242B /* static */,
				D9718B44167F9F9F0001E42C /* Frameworks */,
				D9718B42167F9F9F0001E42C /* Products */,
			);
			sourceTree = "<group>";
		};
		D9718B42167F9F9F0001E42C /* Products */ = {
			isa = PBXGroup;
			children = (
				D9718B41167F9F9F0001E42C /* Deanna.app */,
				D9718B62167F9FA00001E42C /* DeannaTests.octest */,
				D997AC90175B245800C91B0D /* DeannaMac.app */,
			);
			name = Products;
			sourceTree = "<group>";
		};
		D9718B44167F9F9F0001E42C /* Frameworks */ = {
			isa = PBXGroup;
			children = (
				D997ACB4175B24DF00C91B0D /* iOS */,
				D997ACB5175B250800C91B0D /* OSX */,
				D9718B63167F9FA00001E42C /* SenTestingKit.framework */,
				D997AC93175B245800C91B0D /* Other Frameworks */,
			);
			name = Frameworks;
			sourceTree = "<group>";
		};
		D9718B4B167F9F9F0001E42C /* Deanna */ = {
			isa = PBXGroup;
			children = (
				D9718B54167F9F9F0001E42C /* DEAAppDelegate.h */,
				D9718B55167F9F9F0001E42C /* DEAAppDelegate.m */,
				D9718B83167FA1400001E42C /* Services */,
				D9718B82167FA1360001E42C /* Controllers */,
				D9971AEB1720AA5600B1A068 /* UI */,
				D9718B84167FA1450001E42C /* XIBs */,
				D9E012F61797D66400677FC1 /* Images.xcassets */,
				D9718B4C167F9F9F0001E42C /* Supporting Files */,
			);
			path = Deanna;
			sourceTree = "<group>";
		};
		D9718B4C167F9F9F0001E42C /* Supporting Files */ = {
			isa = PBXGroup;
			children = (
				D9718B4D167F9F9F0001E42C /* Deanna-Info.plist */,
				D9718B4E167F9F9F0001E42C /* InfoPlist.strings */,
				D9718B51167F9F9F0001E42C /* main.m */,
				D9718B53167F9F9F0001E42C /* Deanna-Prefix.pch */,
			);
			name = "Supporting Files";
			sourceTree = "<group>";
		};
		D9718B69167F9FA00001E42C /* DeannaTests */ = {
			isa = PBXGroup;
			children = (
				D9718B6F167F9FA00001E42C /* DeannaTests.h */,
				D9718B70167F9FA00001E42C /* DeannaTests.m */,
				D9718B6A167F9FA00001E42C /* Supporting Files */,
			);
			path = DeannaTests;
			sourceTree = "<group>";
		};
		D9718B6A167F9FA00001E42C /* Supporting Files */ = {
			isa = PBXGroup;
			children = (
				D9718B6B167F9FA00001E42C /* DeannaTests-Info.plist */,
				D9718B6C167F9FA00001E42C /* InfoPlist.strings */,
			);
			name = "Supporting Files";
			sourceTree = "<group>";
		};
		D9718B82167FA1360001E42C /* Controllers */ = {
			isa = PBXGroup;
			children = (
				D90C0C3816DD6297002D3FFD /* DEABaseViewController.h */,
				D90C0C3916DD6297002D3FFD /* DEABaseViewController.m */,
				D9C5011F16AB37DD001D4D4F /* DEAPeripheralsViewController.h */,
				D9C5012016AB37DD001D4D4F /* DEAPeripheralsViewController.m */,
				D9F412ED16DED0030094FEFA /* DEASensorTagViewController.h */,
				D9F412EE16DED0030094FEFA /* DEASensorTagViewController.m */,
			);
			path = Controllers;
			sourceTree = "<group>";
		};
		D9718B83167FA1400001E42C /* Services */ = {
			isa = PBXGroup;
			children = (
				D906E5EF16DCAC55001D7932 /* DEACentralManager.h */,
				D906E5F016DCAC55001D7932 /* DEACentralManager.m */,
				D9CB2C0616A71F8E00279DDA /* SensorTag */,
			);
			path = Services;
			sourceTree = "<group>";
		};
		D9718B84167FA1450001E42C /* XIBs */ = {
			isa = PBXGroup;
			children = (
				D9C5012116AB37DD001D4D4F /* DEAPeripheralsViewController.xib */,
				D9F412EF16DED0030094FEFA /* DEASensorTagViewController.xib */,
				D9971AE91720A9A100B1A068 /* DEAPeripheralTableViewCell.xib */,
			);
			path = XIBs;
			sourceTree = "<group>";
		};
		D9971AEB1720AA5600B1A068 /* UI */ = {
			isa = PBXGroup;
			children = (
				D9C613751776621B00826EBF /* DEAStyleSheet.h */,
				D9971AEC1720AA7E00B1A068 /* DEAPeripheralTableViewCell.h */,
				D9971AED1720AA7E00B1A068 /* DEAPeripheralTableViewCell.m */,
				D9D70092177782990066AB1B /* Themes */,
				D9DE671216E036C100F1B15C /* Sensors */,
			);
			path = UI;
			sourceTree = "<group>";
		};
		D997AC93175B245800C91B0D /* Other Frameworks */ = {
			isa = PBXGroup;
			children = (
				D997AC94175B245800C91B0D /* AppKit.framework */,
				D997AC95175B245800C91B0D /* CoreData.framework */,
				D997AC96175B245800C91B0D /* Foundation.framework */,
			);
			name = "Other Frameworks";
			sourceTree = "<group>";
		};
		D997AC97175B245800C91B0D /* DeannaMac */ = {
			isa = PBXGroup;
			children = (
				D997ACA3175B245800C91B0D /* DEMAppDelegate.h */,
				D997ACA4175B245800C91B0D /* DEMAppDelegate.m */,
				D997ACDE175B28E900C91B0D /* DEASensorTagWindow.h */,
				D997ACDF175B28E900C91B0D /* DEASensorTagWindow.m */,
				D997ACCE175B285F00C91B0D /* UI */,
				D997ACCF175B285F00C91B0D /* XIBs */,
				D997AC98175B245800C91B0D /* Supporting Files */,
			);
			path = DeannaMac;
			sourceTree = "<group>";
		};
		D997AC98175B245800C91B0D /* Supporting Files */ = {
			isa = PBXGroup;
			children = (
				D997AC99175B245800C91B0D /* DeannaMac-Info.plist */,
				D997AC9A175B245800C91B0D /* InfoPlist.strings */,
				D997AC9D175B245800C91B0D /* main.m */,
				D997AC9F175B245800C91B0D /* DeannaMac-Prefix.pch */,
				D997ACA0175B245800C91B0D /* Credits.rtf */,
			);
			name = "Supporting Files";
			sourceTree = "<group>";
		};
		D997ACB4175B24DF00C91B0D /* iOS */ = {
			isa = PBXGroup;
			children = (
				D9C61379177672BA00826EBF /* QuartzCore.framework */,
				D9718B8E167FA5140001E42C /* CoreBluetooth.framework */,
				D9718B45167F9F9F0001E42C /* UIKit.framework */,
				D9718B47167F9F9F0001E42C /* Foundation.framework */,
				D9718B49167F9F9F0001E42C /* CoreGraphics.framework */,
			);
			name = iOS;
			sourceTree = "<group>";
		};
		D997ACB5175B250800C91B0D /* OSX */ = {
			isa = PBXGroup;
			children = (
				D997ACB2175B24C800C91B0D /* Foundation.framework */,
				D997ACB0175B24B700C91B0D /* Cocoa.framework */,
				D997ACAC175B24AB00C91B0D /* IOBluetooth.framework */,
				D997ACAD175B24AB00C91B0D /* IOBluetoothUI.framework */,
			);
			name = OSX;
			sourceTree = "<group>";
		};
		D997ACCE175B285F00C91B0D /* UI */ = {
			isa = PBXGroup;
			children = (
				D997ACD2175B288900C91B0D /* DEMPeripheralViewCell.h */,
				D997ACD3175B288900C91B0D /* DEMPeripheralViewCell.m */,
				D997ACD4175B288900C91B0D /* DEMBaseViewCell.h */,
				D997ACD5175B288900C91B0D /* DEMBaseViewCell.m */,
				D997ACD6175B288900C91B0D /* DEMAccelerometerViewCell.h */,
				D997ACD7175B288900C91B0D /* DEMAccelerometerViewCell.m */,
				D997ACD8175B288900C91B0D /* DEMBarometerViewCell.h */,
				D997ACD9175B288900C91B0D /* DEMBarometerViewCell.m */,
				D997ACE1175B331E00C91B0D /* DEMDeviceInfoViewCell.h */,
				D997ACE2175B331F00C91B0D /* DEMDeviceInfoViewCell.m */,
				D997ACE4175B3D0C00C91B0D /* DEMSimpleKeysViewCell.h */,
				D997ACE5175B3D0D00C91B0D /* DEMSimpleKeysViewCell.m */,
				D9211E1E175BBEFB0081143F /* DEMTemperatureViewCell.h */,
				D9211E1F175BBEFB0081143F /* DEMTemperatureViewCell.m */,
				D9211E21175BC2870081143F /* DEMMagnetometerViewCell.h */,
				D9211E22175BC2870081143F /* DEMMagnetometerViewCell.m */,
				D9211E24175BCA860081143F /* DEMGyroscopeViewCell.h */,
				D9211E25175BCA860081143F /* DEMGyroscopeViewCell.m */,
				D9211E27175BCF030081143F /* DEMHumidityViewCell.h */,
				D9211E28175BCF030081143F /* DEMHumidityViewCell.m */,
			);
			path = UI;
			sourceTree = "<group>";
		};
		D997ACCF175B285F00C91B0D /* XIBs */ = {
			isa = PBXGroup;
			children = (
				D997ACCC175B27C000C91B0D /* MainMenu.xib */,
				D997ACD0175B287200C91B0D /* DEASensorTagWindow.xib */,
			);
			path = XIBs;
			sourceTree = "<group>";
		};
		D9AC598E1721208500FC786F /* Assets */ = {
			isa = PBXGroup;
			children = (
			);
			name = Assets;
			sourceTree = "<group>";
		};
		D9CB2C0616A71F8E00279DDA /* SensorTag */ = {
			isa = PBXGroup;
			children = (
				D9718B94167FA91F0001E42C /* TISensorTag.h */,
				D988A5C716DD464A00D7D392 /* TISensorTag.c */,
				D9187E1B1739D3FF003AA71D /* DEASensorTagUtils.h */,
				D9187E1C1739D3FF003AA71D /* DEASensorTagUtils.m */,
				D988A5C416DD26A100D7D392 /* DEASensorTag.h */,
				D988A5C516DD26A100D7D392 /* DEASensorTag.m */,
				D9CB2C0716A71FC300279DDA /* Services */,
			);
			path = SensorTag;
			sourceTree = "<group>";
		};
		D9CB2C0716A71FC300279DDA /* Services */ = {
			isa = PBXGroup;
			children = (
				D97EC6CE172B08AB00CAECFC /* DEABaseService.h */,
				D97EC6CF172B08AB00CAECFC /* DEABaseService.m */,
				D91170541681461300E2D19A /* DEAAccelerometerService.h */,
				D91170551681461300E2D19A /* DEAAccelerometerService.m */,
				D9DE670F16E0223E00F1B15C /* DEABarometerService.h */,
				D9DE671016E0223E00F1B15C /* DEABarometerService.m */,
				D9268B44173081E2009C4284 /* DEADeviceInfoService.h */,
				D9268B45173081E2009C4284 /* DEADeviceInfoService.m */,
				D93EAC4E16E18711008B1BD3 /* DEAGyroscopeService.h */,
				D93EAC4F16E18711008B1BD3 /* DEAGyroscopeService.m */,
				D90C0C3B16DD9133002D3FFD /* DEAHumidityService.h */,
				D90C0C3C16DD9133002D3FFD /* DEAHumidityService.m */,
				D93EAC5716E1DAF5008B1BD3 /* DEAMagnetometerService.h */,
				D93EAC5816E1DAF5008B1BD3 /* DEAMagnetometerService.m */,
				D9D8316B168449FD00F51E42 /* DEASimpleKeysService.h */,
				D9D8316C168449FD00F51E42 /* DEASimpleKeysService.m */,
				D91170511681251900E2D19A /* DEATemperatureService.h */,
				D91170521681251900E2D19A /* DEATemperatureService.m */,
			);
			path = Services;
			sourceTree = "<group>";
		};
		D9D70092177782990066AB1B /* Themes */ = {
			isa = PBXGroup;
			children = (
				D9D70093177782CB0066AB1B /* DEATheme.h */,
				D9D70094177782CB0066AB1B /* DEATheme.m */,
				D9D70096177783DB0066AB1B /* DEADefaultTheme.h */,
				D9D70097177783DB0066AB1B /* DEADefaultTheme.m */,
			);
			path = Themes;
			sourceTree = "<group>";
		};
		D9DE671216E036C100F1B15C /* Sensors */ = {
			isa = PBXGroup;
			children = (
				D9F412F516DEE76C0094FEFA /* DEAAccelerometerViewCell.h */,
				D9F412F616DEE76C0094FEFA /* DEAAccelerometerViewCell.m */,
				D907A76916E0393300EA8D5B /* DEABarometerViewCell.h */,
				D907A76A16E0393300EA8D5B /* DEABarometerViewCell.m */,
				D9960A52173B0A1B0013C8E7 /* DEADeviceInfoViewCell.h */,
				D9960A53173B0A1B0013C8E7 /* DEADeviceInfoViewCell.m */,
				D93EAC5116E18748008B1BD3 /* DEAGyroscopeViewCell.h */,
				D93EAC5216E18748008B1BD3 /* DEAGyroscopeViewCell.m */,
				D9F412F816DEF6130094FEFA /* DEAHumidityViewCell.h */,
				D9F412F916DEF6130094FEFA /* DEAHumidityViewCell.m */,
				D93EAC5416E1DAC8008B1BD3 /* DEAMagnetometerViewCell.h */,
				D93EAC5516E1DAC8008B1BD3 /* DEAMagnetometerViewCell.m */,
				D9F412FB16DEFA500094FEFA /* DEASimpleKeysViewCell.h */,
				D9F412FC16DEFA510094FEFA /* DEASimpleKeysViewCell.m */,
				D9F412F216DED7510094FEFA /* DEATemperatureViewCell.h */,
				D9F412F316DED7510094FEFA /* DEATemperatureViewCell.m */,
			);
			path = Sensors;
			sourceTree = "<group>";
		};
/* End PBXGroup section */

/* Begin PBXNativeTarget section */
		D9718B40167F9F9F0001E42C /* Deanna */ = {
			isa = PBXNativeTarget;
			buildConfigurationList = D9718B74167F9FA00001E42C /* Build configuration list for PBXNativeTarget "Deanna" */;
			buildPhases = (
				D9718B3D167F9F9F0001E42C /* Sources */,
				D9718B3E167F9F9F0001E42C /* Frameworks */,
				D9718B3F167F9F9F0001E42C /* Resources */,
			);
			buildRules = (
			);
			dependencies = (
			);
			name = Deanna;
			productName = Deanna;
			productReference = D9718B41167F9F9F0001E42C /* Deanna.app */;
			productType = "com.apple.product-type.application";
		};
		D9718B61167F9FA00001E42C /* DeannaTests */ = {
			isa = PBXNativeTarget;
			buildConfigurationList = D9718B77167F9FA00001E42C /* Build configuration list for PBXNativeTarget "DeannaTests" */;
			buildPhases = (
				D9718B5D167F9FA00001E42C /* Sources */,
				D9718B5E167F9FA00001E42C /* Frameworks */,
				D9718B5F167F9FA00001E42C /* Resources */,
				D9718B60167F9FA00001E42C /* ShellScript */,
			);
			buildRules = (
			);
			dependencies = (
				D9718B68167F9FA00001E42C /* PBXTargetDependency */,
			);
			name = DeannaTests;
			productName = DeannaTests;
			productReference = D9718B62167F9FA00001E42C /* DeannaTests.octest */;
			productType = "com.apple.product-type.bundle";
		};
		D997AC8F175B245800C91B0D /* DeannaMac */ = {
			isa = PBXNativeTarget;
			buildConfigurationList = D997ACAB175B245800C91B0D /* Build configuration list for PBXNativeTarget "DeannaMac" */;
			buildPhases = (
				D997AC8C175B245800C91B0D /* Sources */,
				D997AC8D175B245800C91B0D /* Frameworks */,
				D997AC8E175B245800C91B0D /* Resources */,
			);
			buildRules = (
			);
			dependencies = (
			);
			name = DeannaMac;
			productName = DeannaMac;
			productReference = D997AC90175B245800C91B0D /* DeannaMac.app */;
			productType = "com.apple.product-type.application";
		};
/* End PBXNativeTarget section */

/* Begin PBXProject section */
		D9718B38167F9F9F0001E42C /* Project object */ = {
			isa = PBXProject;
			attributes = {
				CLASSPREFIX = DEA;
				LastUpgradeCheck = 0500;
				ORGANIZATIONNAME = "Yummy Melon Software";
			};
			buildConfigurationList = D9718B3B167F9F9F0001E42C /* Build configuration list for PBXProject "Deanna" */;
			compatibilityVersion = "Xcode 3.2";
			developmentRegion = English;
			hasScannedForEncodings = 0;
			knownRegions = (
				en,
			);
			mainGroup = D9718B36167F9F9F0001E42C;
			productRefGroup = D9718B42167F9F9F0001E42C /* Products */;
			projectDirPath = "";
			projectRoot = "";
			targets = (
				D9718B40167F9F9F0001E42C /* Deanna */,
				D9718B61167F9FA00001E42C /* DeannaTests */,
				D997AC8F175B245800C91B0D /* DeannaMac */,
			);
		};
/* End PBXProject section */

/* Begin PBXResourcesBuildPhase section */
		D9718B3F167F9F9F0001E42C /* Resources */ = {
			isa = PBXResourcesBuildPhase;
			buildActionMask = 2147483647;
			files = (
				D9718B50167F9F9F0001E42C /* InfoPlist.strings in Resources */,
				D9C5012316AB37DD001D4D4F /* DEAPeripheralsViewController.xib in Resources */,
				D9F412F116DED0030094FEFA /* DEASensorTagViewController.xib in Resources */,
				D9971AEA1720A9A100B1A068 /* DEAPeripheralTableViewCell.xib in Resources */,
				D9E012F71797D66400677FC1 /* Images.xcassets in Resources */,
				D97EC6D2172B1B8C00CAECFC /* README.md in Resources */,
				D92049D51742C836001380A6 /* CHANGES.md in Resources */,
				D90CFD09177812CF00F8242B /* static in Resources */,
			);
			runOnlyForDeploymentPostprocessing = 0;
		};
		D9718B5F167F9FA00001E42C /* Resources */ = {
			isa = PBXResourcesBuildPhase;
			buildActionMask = 2147483647;
			files = (
				D9718B6E167F9FA00001E42C /* InfoPlist.strings in Resources */,
			);
			runOnlyForDeploymentPostprocessing = 0;
		};
		D997AC8E175B245800C91B0D /* Resources */ = {
			isa = PBXResourcesBuildPhase;
			buildActionMask = 2147483647;
			files = (
				D997AC9C175B245800C91B0D /* InfoPlist.strings in Resources */,
				D997ACA2175B245800C91B0D /* Credits.rtf in Resources */,
				D997ACCD175B27C000C91B0D /* MainMenu.xib in Resources */,
				D997ACD1175B287200C91B0D /* DEASensorTagWindow.xib in Resources */,
			);
			runOnlyForDeploymentPostprocessing = 0;
		};
/* End PBXResourcesBuildPhase section */

/* Begin PBXShellScriptBuildPhase section */
		D9718B60167F9FA00001E42C /* ShellScript */ = {
			isa = PBXShellScriptBuildPhase;
			buildActionMask = 2147483647;
			files = (
			);
			inputPaths = (
			);
			outputPaths = (
			);
			runOnlyForDeploymentPostprocessing = 0;
			shellPath = /bin/sh;
			shellScript = "# Run the unit tests in this test bundle.\n\"${SYSTEM_DEVELOPER_DIR}/Tools/RunUnitTests\"\n";
		};
/* End PBXShellScriptBuildPhase section */

/* Begin PBXSourcesBuildPhase section */
		D9718B3D167F9F9F0001E42C /* Sources */ = {
			isa = PBXSourcesBuildPhase;
			buildActionMask = 2147483647;
			files = (
				D9718B52167F9F9F0001E42C /* main.m in Sources */,
				D9718B56167F9F9F0001E42C /* DEAAppDelegate.m in Sources */,
				D91170531681251900E2D19A /* DEATemperatureService.m in Sources */,
				D91170561681461300E2D19A /* DEAAccelerometerService.m in Sources */,
				D9D8316D168449FE00F51E42 /* DEASimpleKeysService.m in Sources */,
				D9C5012216AB37DD001D4D4F /* DEAPeripheralsViewController.m in Sources */,
				D906E5F116DCAC55001D7932 /* DEACentralManager.m in Sources */,
				D988A5C616DD26A100D7D392 /* DEASensorTag.m in Sources */,
				D988A5C816DD464A00D7D392 /* TISensorTag.c in Sources */,
				D90C0C3A16DD6297002D3FFD /* DEABaseViewController.m in Sources */,
				D90C0C3D16DD9133002D3FFD /* DEAHumidityService.m in Sources */,
				D933CECF16DDAFA700EDDAD6 /* YMS128.c in Sources */,
				D933CED016DDAFA700EDDAD6 /* YMSCBCentralManager.m in Sources */,
				D933CED116DDAFA700EDDAD6 /* YMSCBCharacteristic.m in Sources */,
				D933CED216DDAFA700EDDAD6 /* YMSCBPeripheral.m in Sources */,
				D933CED316DDAFA700EDDAD6 /* YMSCBService.m in Sources */,
				D933CED416DDAFA700EDDAD6 /* YMSCBUtils.m in Sources */,
				D9F412F016DED0030094FEFA /* DEASensorTagViewController.m in Sources */,
				D9F412F416DED7510094FEFA /* DEATemperatureViewCell.m in Sources */,
				D9F412F716DEE76C0094FEFA /* DEAAccelerometerViewCell.m in Sources */,
				D9F412FA16DEF6140094FEFA /* DEAHumidityViewCell.m in Sources */,
				D9F412FD16DEFA510094FEFA /* DEASimpleKeysViewCell.m in Sources */,
				D9DE671116E0223E00F1B15C /* DEABarometerService.m in Sources */,
				D907A76B16E0393300EA8D5B /* DEABarometerViewCell.m in Sources */,
				D93EAC5016E18711008B1BD3 /* DEAGyroscopeService.m in Sources */,
				D93EAC5316E18748008B1BD3 /* DEAGyroscopeViewCell.m in Sources */,
				D93EAC5616E1DAC8008B1BD3 /* DEAMagnetometerViewCell.m in Sources */,
				D93EAC5916E1DAF5008B1BD3 /* DEAMagnetometerService.m in Sources */,
				D9971AEE1720AA7E00B1A068 /* DEAPeripheralTableViewCell.m in Sources */,
				D97EC6D0172B08AB00CAECFC /* DEABaseService.m in Sources */,
				D9268B4317306295009C4284 /* NSMutableArray+fifoQueue.m in Sources */,
				D9268B46173081E2009C4284 /* DEADeviceInfoService.m in Sources */,
				D9187E1D1739D3FF003AA71D /* DEASensorTagUtils.m in Sources */,
				D9960A54173B0A1B0013C8E7 /* DEADeviceInfoViewCell.m in Sources */,
				D9812904173F3804008EA8D5 /* YMSCBStoredPeripherals.m in Sources */,
				D9AA81C91753E00700C2836D /* YMSCBDescriptor.m in Sources */,
				D9D70095177782CB0066AB1B /* DEATheme.m in Sources */,
				D9D70098177783DB0066AB1B /* DEADefaultTheme.m in Sources */,
			);
			runOnlyForDeploymentPostprocessing = 0;
		};
		D9718B5D167F9FA00001E42C /* Sources */ = {
			isa = PBXSourcesBuildPhase;
			buildActionMask = 2147483647;
			files = (
				D9718B71167F9FA00001E42C /* DeannaTests.m in Sources */,
			);
			runOnlyForDeploymentPostprocessing = 0;
		};
		D997AC8C175B245800C91B0D /* Sources */ = {
			isa = PBXSourcesBuildPhase;
			buildActionMask = 2147483647;
			files = (
				D997AC9E175B245800C91B0D /* main.m in Sources */,
				D997ACA5175B245800C91B0D /* DEMAppDelegate.m in Sources */,
				D997ACB6175B254500C91B0D /* YMS128.c in Sources */,
				D997ACB7175B254500C91B0D /* YMSCBCentralManager.m in Sources */,
				D997ACB8175B254500C91B0D /* YMSCBPeripheral.m in Sources */,
				D997ACB9175B254500C91B0D /* YMSCBService.m in Sources */,
				D997ACBA175B254500C91B0D /* YMSCBCharacteristic.m in Sources */,
				D997ACBB175B254500C91B0D /* YMSCBUtils.m in Sources */,
				D997ACBC175B254500C91B0D /* YMSCBStoredPeripherals.m in Sources */,
				D997ACBD175B254500C91B0D /* YMSCBDescriptor.m in Sources */,
				D997ACBE175B254500C91B0D /* NSMutableArray+fifoQueue.m in Sources */,
				D997ACBF175B255E00C91B0D /* DEACentralManager.m in Sources */,
				D997ACC0175B255E00C91B0D /* TISensorTag.c in Sources */,
				D997ACC1175B255E00C91B0D /* DEASensorTagUtils.m in Sources */,
				D997ACC2175B255E00C91B0D /* DEASensorTag.m in Sources */,
				D997ACC3175B257000C91B0D /* DEABaseService.m in Sources */,
				D997ACC4175B257000C91B0D /* DEAAccelerometerService.m in Sources */,
				D997ACC5175B257000C91B0D /* DEABarometerService.m in Sources */,
				D997ACC6175B257000C91B0D /* DEADeviceInfoService.m in Sources */,
				D997ACC7175B257000C91B0D /* DEAGyroscopeService.m in Sources */,
				D997ACC8175B257000C91B0D /* DEAHumidityService.m in Sources */,
				D997ACC9175B257000C91B0D /* DEAMagnetometerService.m in Sources */,
				D997ACCA175B257000C91B0D /* DEASimpleKeysService.m in Sources */,
				D997ACCB175B257000C91B0D /* DEATemperatureService.m in Sources */,
				D997ACDA175B288900C91B0D /* DEMPeripheralViewCell.m in Sources */,
				D997ACDB175B288900C91B0D /* DEMBaseViewCell.m in Sources */,
				D997ACDC175B288900C91B0D /* DEMAccelerometerViewCell.m in Sources */,
				D997ACDD175B288900C91B0D /* DEMBarometerViewCell.m in Sources */,
				D997ACE0175B28E900C91B0D /* DEASensorTagWindow.m in Sources */,
				D997ACE3175B331F00C91B0D /* DEMDeviceInfoViewCell.m in Sources */,
				D997ACE6175B3D0D00C91B0D /* DEMSimpleKeysViewCell.m in Sources */,
				D9211E20175BBEFB0081143F /* DEMTemperatureViewCell.m in Sources */,
				D9211E23175BC2870081143F /* DEMMagnetometerViewCell.m in Sources */,
				D9211E26175BCA860081143F /* DEMGyroscopeViewCell.m in Sources */,
				D9211E29175BCF040081143F /* DEMHumidityViewCell.m in Sources */,
			);
			runOnlyForDeploymentPostprocessing = 0;
		};
/* End PBXSourcesBuildPhase section */

/* Begin PBXTargetDependency section */
		D9718B68167F9FA00001E42C /* PBXTargetDependency */ = {
			isa = PBXTargetDependency;
			target = D9718B40167F9F9F0001E42C /* Deanna */;
			targetProxy = D9718B67167F9FA00001E42C /* PBXContainerItemProxy */;
		};
/* End PBXTargetDependency section */

/* Begin PBXVariantGroup section */
		D9718B4E167F9F9F0001E42C /* InfoPlist.strings */ = {
			isa = PBXVariantGroup;
			children = (
				D9718B4F167F9F9F0001E42C /* en */,
			);
			name = InfoPlist.strings;
			sourceTree = "<group>";
		};
		D9718B6C167F9FA00001E42C /* InfoPlist.strings */ = {
			isa = PBXVariantGroup;
			children = (
				D9718B6D167F9FA00001E42C /* en */,
			);
			name = InfoPlist.strings;
			sourceTree = "<group>";
		};
		D997AC9A175B245800C91B0D /* InfoPlist.strings */ = {
			isa = PBXVariantGroup;
			children = (
				D997AC9B175B245800C91B0D /* en */,
			);
			name = InfoPlist.strings;
			sourceTree = "<group>";
		};
		D997ACA0175B245800C91B0D /* Credits.rtf */ = {
			isa = PBXVariantGroup;
			children = (
				D997ACA1175B245800C91B0D /* en */,
			);
			name = Credits.rtf;
			sourceTree = "<group>";
		};
/* End PBXVariantGroup section */

/* Begin XCBuildConfiguration section */
		D9718B72167F9FA00001E42C /* Debug */ = {
			isa = XCBuildConfiguration;
			buildSettings = {
				ALWAYS_SEARCH_USER_PATHS = NO;
				CLANG_CXX_LANGUAGE_STANDARD = "gnu++0x";
				CLANG_CXX_LIBRARY = "libc++";
				CLANG_ENABLE_OBJC_ARC = YES;
				CLANG_WARN_EMPTY_BODY = YES;
				CLANG_WARN__DUPLICATE_METHOD_MATCH = YES;
				"CODE_SIGN_IDENTITY[sdk=iphoneos*]" = "iPhone Developer";
				COPY_PHASE_STRIP = NO;
				GCC_C_LANGUAGE_STANDARD = gnu99;
				GCC_DYNAMIC_NO_PIC = NO;
				GCC_OPTIMIZATION_LEVEL = 0;
				GCC_PREPROCESSOR_DEFINITIONS = (
					"DEBUG=1",
					"$(inherited)",
				);
				GCC_SYMBOLS_PRIVATE_EXTERN = NO;
				GCC_WARN_ABOUT_RETURN_TYPE = YES;
				GCC_WARN_UNINITIALIZED_AUTOS = YES;
				GCC_WARN_UNUSED_VARIABLE = YES;
				IPHONEOS_DEPLOYMENT_TARGET = 6.1;
				ONLY_ACTIVE_ARCH = YES;
				SDKROOT = iphoneos;
				TARGETED_DEVICE_FAMILY = "1,2";
				VERSIONING_SYSTEM = "apple-generic";
			};
			name = Debug;
		};
		D9718B73167F9FA00001E42C /* Release */ = {
			isa = XCBuildConfiguration;
			buildSettings = {
				ALWAYS_SEARCH_USER_PATHS = NO;
				CLANG_CXX_LANGUAGE_STANDARD = "gnu++0x";
				CLANG_CXX_LIBRARY = "libc++";
				CLANG_ENABLE_OBJC_ARC = YES;
				CLANG_WARN_EMPTY_BODY = YES;
				CLANG_WARN__DUPLICATE_METHOD_MATCH = YES;
				"CODE_SIGN_IDENTITY[sdk=iphoneos*]" = "iPhone Developer";
				COPY_PHASE_STRIP = YES;
				GCC_C_LANGUAGE_STANDARD = gnu99;
				GCC_WARN_ABOUT_RETURN_TYPE = YES;
				GCC_WARN_UNINITIALIZED_AUTOS = YES;
				GCC_WARN_UNUSED_VARIABLE = YES;
				IPHONEOS_DEPLOYMENT_TARGET = 6.1;
				ONLY_ACTIVE_ARCH = YES;
				OTHER_CFLAGS = "-DNS_BLOCK_ASSERTIONS=1";
				SDKROOT = iphoneos;
				TARGETED_DEVICE_FAMILY = "1,2";
				VALIDATE_PRODUCT = YES;
				VERSIONING_SYSTEM = "apple-generic";
			};
			name = Release;
		};
		D9718B75167F9FA00001E42C /* Debug */ = {
			isa = XCBuildConfiguration;
			buildSettings = {
				ASSETCATALOG_COMPILER_APPICON_NAME = AppIcon;
				ASSETCATALOG_COMPILER_LAUNCHIMAGE_NAME = LaunchImage;
				CURRENT_PROJECT_VERSION = 1;
				GCC_PRECOMPILE_PREFIX_HEADER = YES;
				GCC_PREFIX_HEADER = "Deanna/Deanna-Prefix.pch";
				INFOPLIST_FILE = "Deanna/Deanna-Info.plist";
				IPHONEOS_DEPLOYMENT_TARGET = 7.0;
				PRODUCT_NAME = "$(TARGET_NAME)";
				WRAPPER_EXTENSION = app;
			};
			name = Debug;
		};
		D9718B76167F9FA00001E42C /* Release */ = {
			isa = XCBuildConfiguration;
			buildSettings = {
				ASSETCATALOG_COMPILER_APPICON_NAME = AppIcon;
				ASSETCATALOG_COMPILER_LAUNCHIMAGE_NAME = LaunchImage;
				CURRENT_PROJECT_VERSION = 1;
				GCC_PRECOMPILE_PREFIX_HEADER = YES;
				GCC_PREFIX_HEADER = "Deanna/Deanna-Prefix.pch";
				INFOPLIST_FILE = "Deanna/Deanna-Info.plist";
				IPHONEOS_DEPLOYMENT_TARGET = 7.0;
				PRODUCT_NAME = "$(TARGET_NAME)";
				WRAPPER_EXTENSION = app;
			};
			name = Release;
		};
		D9718B78167F9FA00001E42C /* Debug */ = {
			isa = XCBuildConfiguration;
			buildSettings = {
				BUNDLE_LOADER = "$(BUILT_PRODUCTS_DIR)/Deanna.app/Deanna";
				CURRENT_PROJECT_VERSION = 1;
				FRAMEWORK_SEARCH_PATHS = (
					"\"$(SDKROOT)/Developer/Library/Frameworks\"",
					"\"$(DEVELOPER_LIBRARY_DIR)/Frameworks\"",
				);
				GCC_PRECOMPILE_PREFIX_HEADER = YES;
				GCC_PREFIX_HEADER = "Deanna/Deanna-Prefix.pch";
				INFOPLIST_FILE = "DeannaTests/DeannaTests-Info.plist";
				PRODUCT_NAME = "$(TARGET_NAME)";
				TEST_HOST = "$(BUNDLE_LOADER)";
				WRAPPER_EXTENSION = octest;
			};
			name = Debug;
		};
		D9718B79167F9FA00001E42C /* Release */ = {
			isa = XCBuildConfiguration;
			buildSettings = {
				BUNDLE_LOADER = "$(BUILT_PRODUCTS_DIR)/Deanna.app/Deanna";
				CURRENT_PROJECT_VERSION = 1;
				FRAMEWORK_SEARCH_PATHS = (
					"\"$(SDKROOT)/Developer/Library/Frameworks\"",
					"\"$(DEVELOPER_LIBRARY_DIR)/Frameworks\"",
				);
				GCC_PRECOMPILE_PREFIX_HEADER = YES;
				GCC_PREFIX_HEADER = "Deanna/Deanna-Prefix.pch";
				INFOPLIST_FILE = "DeannaTests/DeannaTests-Info.plist";
				PRODUCT_NAME = "$(TARGET_NAME)";
				TEST_HOST = "$(BUNDLE_LOADER)";
				WRAPPER_EXTENSION = octest;
			};
			name = Release;
		};
		D997ACA9175B245800C91B0D /* Debug */ = {
			isa = XCBuildConfiguration;
			buildSettings = {
				CLANG_WARN_CONSTANT_CONVERSION = YES;
				CLANG_WARN_ENUM_CONVERSION = YES;
				CLANG_WARN_INT_CONVERSION = YES;
				COMBINE_HIDPI_IMAGES = YES;
				FRAMEWORK_SEARCH_PATHS = (
					"$(inherited)",
					"\"$(SYSTEM_APPS_DIR)/Xcode.app/Contents/Developer/Library/Frameworks\"",
				);
				GCC_ENABLE_OBJC_EXCEPTIONS = YES;
				GCC_PRECOMPILE_PREFIX_HEADER = YES;
				GCC_PREFIX_HEADER = "DeannaMac/DeannaMac-Prefix.pch";
				GCC_WARN_64_TO_32_BIT_CONVERSION = YES;
				INFOPLIST_FILE = "DeannaMac/DeannaMac-Info.plist";
				MACOSX_DEPLOYMENT_TARGET = 10.8;
				PRODUCT_NAME = "$(TARGET_NAME)";
				SDKROOT = macosx;
				WRAPPER_EXTENSION = app;
			};
			name = Debug;
		};
		D997ACAA175B245800C91B0D /* Release */ = {
			isa = XCBuildConfiguration;
			buildSettings = {
				CLANG_WARN_CONSTANT_CONVERSION = YES;
				CLANG_WARN_ENUM_CONVERSION = YES;
				CLANG_WARN_INT_CONVERSION = YES;
				COMBINE_HIDPI_IMAGES = YES;
				DEBUG_INFORMATION_FORMAT = "dwarf-with-dsym";
				FRAMEWORK_SEARCH_PATHS = (
					"$(inherited)",
					"\"$(SYSTEM_APPS_DIR)/Xcode.app/Contents/Developer/Library/Frameworks\"",
				);
				GCC_ENABLE_OBJC_EXCEPTIONS = YES;
				GCC_PRECOMPILE_PREFIX_HEADER = YES;
				GCC_PREFIX_HEADER = "DeannaMac/DeannaMac-Prefix.pch";
				GCC_WARN_64_TO_32_BIT_CONVERSION = YES;
				INFOPLIST_FILE = "DeannaMac/DeannaMac-Info.plist";
				MACOSX_DEPLOYMENT_TARGET = 10.8;
				PRODUCT_NAME = "$(TARGET_NAME)";
				SDKROOT = macosx;
				WRAPPER_EXTENSION = app;
			};
			name = Release;
		};
/* End XCBuildConfiguration section */

/* Begin XCConfigurationList section */
		D9718B3B167F9F9F0001E42C /* Build configuration list for PBXProject "Deanna" */ = {
			isa = XCConfigurationList;
			buildConfigurations = (
				D9718B72167F9FA00001E42C /* Debug */,
				D9718B73167F9FA00001E42C /* Release */,
			);
			defaultConfigurationIsVisible = 0;
			defaultConfigurationName = Release;
		};
		D9718B74167F9FA00001E42C /* Build configuration list for PBXNativeTarget "Deanna" */ = {
			isa = XCConfigurationList;
			buildConfigurations = (
				D9718B75167F9FA00001E42C /* Debug */,
				D9718B76167F9FA00001E42C /* Release */,
			);
			defaultConfigurationIsVisible = 0;
			defaultConfigurationName = Release;
		};
		D9718B77167F9FA00001E42C /* Build configuration list for PBXNativeTarget "DeannaTests" */ = {
			isa = XCConfigurationList;
			buildConfigurations = (
				D9718B78167F9FA00001E42C /* Debug */,
				D9718B79167F9FA00001E42C /* Release */,
			);
			defaultConfigurationIsVisible = 0;
			defaultConfigurationName = Release;
		};
		D997ACAB175B245800C91B0D /* Build configuration list for PBXNativeTarget "DeannaMac" */ = {
			isa = XCConfigurationList;
			buildConfigurations = (
				D997ACA9175B245800C91B0D /* Debug */,
				D997ACAA175B245800C91B0D /* Release */,
			);
			defaultConfigurationIsVisible = 0;
			defaultConfigurationName = Release;
		};
/* End XCConfigurationList section */
	};
	rootObject = D9718B38167F9F9F0001E42C /* Project object */;
}
