// !$*UTF8*$!
{
	archiveVersion = 1;
	classes = {
	};
	objectVersion = 46;
	objects = {

/* Begin PBXBuildFile section */
		D906E5F116DCAC55001D7932 /* DEACBAppService.m in Sources */ = {isa = PBXBuildFile; fileRef = D906E5F016DCAC55001D7932 /* DEACBAppService.m */; };
		D907A76B16E0393300EA8D5B /* DEABarometerViewCell.m in Sources */ = {isa = PBXBuildFile; fileRef = D907A76A16E0393300EA8D5B /* DEABarometerViewCell.m */; };
		D90C0C3A16DD6297002D3FFD /* DEABaseViewController.m in Sources */ = {isa = PBXBuildFile; fileRef = D90C0C3916DD6297002D3FFD /* DEABaseViewController.m */; };
		D90C0C3D16DD9133002D3FFD /* DEAHumidityService.m in Sources */ = {isa = PBXBuildFile; fileRef = D90C0C3C16DD9133002D3FFD /* DEAHumidityService.m */; };
		D91170531681251900E2D19A /* DEATemperatureService.m in Sources */ = {isa = PBXBuildFile; fileRef = D91170521681251900E2D19A /* DEATemperatureService.m */; };
		D91170561681461300E2D19A /* DEAAccelerometerService.m in Sources */ = {isa = PBXBuildFile; fileRef = D91170551681461300E2D19A /* DEAAccelerometerService.m */; };
		D933CECF16DDAFA700EDDAD6 /* YMS128.c in Sources */ = {isa = PBXBuildFile; fileRef = D933CEC316DDAFA700EDDAD6 /* YMS128.c */; };
		D933CED016DDAFA700EDDAD6 /* YMSCBAppService.m in Sources */ = {isa = PBXBuildFile; fileRef = D933CEC616DDAFA700EDDAD6 /* YMSCBAppService.m */; };
		D933CED116DDAFA700EDDAD6 /* YMSCBCharacteristic.m in Sources */ = {isa = PBXBuildFile; fileRef = D933CEC816DDAFA700EDDAD6 /* YMSCBCharacteristic.m */; };
		D933CED216DDAFA700EDDAD6 /* YMSCBPeripheral.m in Sources */ = {isa = PBXBuildFile; fileRef = D933CECA16DDAFA700EDDAD6 /* YMSCBPeripheral.m */; };
		D933CED316DDAFA700EDDAD6 /* YMSCBService.m in Sources */ = {isa = PBXBuildFile; fileRef = D933CECC16DDAFA700EDDAD6 /* YMSCBService.m */; };
		D933CED416DDAFA700EDDAD6 /* YMSCBUtils.m in Sources */ = {isa = PBXBuildFile; fileRef = D933CECE16DDAFA700EDDAD6 /* YMSCBUtils.m */; };
		D93EAC5016E18711008B1BD3 /* DEAGyroscopeService.m in Sources */ = {isa = PBXBuildFile; fileRef = D93EAC4F16E18711008B1BD3 /* DEAGyroscopeService.m */; };
		D93EAC5316E18748008B1BD3 /* DEAGyroscopeViewCell.m in Sources */ = {isa = PBXBuildFile; fileRef = D93EAC5216E18748008B1BD3 /* DEAGyroscopeViewCell.m */; };
		D93EAC5616E1DAC8008B1BD3 /* DEAMagnetometerViewCell.m in Sources */ = {isa = PBXBuildFile; fileRef = D93EAC5516E1DAC8008B1BD3 /* DEAMagnetometerViewCell.m */; };
		D93EAC5916E1DAF5008B1BD3 /* DEAMagnetometerService.m in Sources */ = {isa = PBXBuildFile; fileRef = D93EAC5816E1DAF5008B1BD3 /* DEAMagnetometerService.m */; };
		D9718B46167F9F9F0001E42C /* UIKit.framework in Frameworks */ = {isa = PBXBuildFile; fileRef = D9718B45167F9F9F0001E42C /* UIKit.framework */; };
		D9718B48167F9F9F0001E42C /* Foundation.framework in Frameworks */ = {isa = PBXBuildFile; fileRef = D9718B47167F9F9F0001E42C /* Foundation.framework */; };
		D9718B4A167F9F9F0001E42C /* CoreGraphics.framework in Frameworks */ = {isa = PBXBuildFile; fileRef = D9718B49167F9F9F0001E42C /* CoreGraphics.framework */; };
		D9718B50167F9F9F0001E42C /* InfoPlist.strings in Resources */ = {isa = PBXBuildFile; fileRef = D9718B4E167F9F9F0001E42C /* InfoPlist.strings */; };
		D9718B52167F9F9F0001E42C /* main.m in Sources */ = {isa = PBXBuildFile; fileRef = D9718B51167F9F9F0001E42C /* main.m */; };
		D9718B56167F9F9F0001E42C /* DEAAppDelegate.m in Sources */ = {isa = PBXBuildFile; fileRef = D9718B55167F9F9F0001E42C /* DEAAppDelegate.m */; };
		D9718B58167F9FA00001E42C /* Default.png in Resources */ = {isa = PBXBuildFile; fileRef = D9718B57167F9F9F0001E42C /* Default.png */; };
		D9718B5A167F9FA00001E42C /* Default@2x.png in Resources */ = {isa = PBXBuildFile; fileRef = D9718B59167F9FA00001E42C /* Default@2x.png */; };
		D9718B5C167F9FA00001E42C /* Default-568h@2x.png in Resources */ = {isa = PBXBuildFile; fileRef = D9718B5B167F9FA00001E42C /* Default-568h@2x.png */; };
		D9718B64167F9FA00001E42C /* SenTestingKit.framework in Frameworks */ = {isa = PBXBuildFile; fileRef = D9718B63167F9FA00001E42C /* SenTestingKit.framework */; };
		D9718B65167F9FA00001E42C /* UIKit.framework in Frameworks */ = {isa = PBXBuildFile; fileRef = D9718B45167F9F9F0001E42C /* UIKit.framework */; };
		D9718B66167F9FA00001E42C /* Foundation.framework in Frameworks */ = {isa = PBXBuildFile; fileRef = D9718B47167F9F9F0001E42C /* Foundation.framework */; };
		D9718B6E167F9FA00001E42C /* InfoPlist.strings in Resources */ = {isa = PBXBuildFile; fileRef = D9718B6C167F9FA00001E42C /* InfoPlist.strings */; };
		D9718B71167F9FA00001E42C /* DeannaTests.m in Sources */ = {isa = PBXBuildFile; fileRef = D9718B70167F9FA00001E42C /* DeannaTests.m */; };
		D9718B8F167FA5140001E42C /* CoreBluetooth.framework in Frameworks */ = {isa = PBXBuildFile; fileRef = D9718B8E167FA5140001E42C /* CoreBluetooth.framework */; };
		D988A5C616DD26A100D7D392 /* DEASensorTag.m in Sources */ = {isa = PBXBuildFile; fileRef = D988A5C516DD26A100D7D392 /* DEASensorTag.m */; };
		D988A5C816DD464A00D7D392 /* TISensorTag.c in Sources */ = {isa = PBXBuildFile; fileRef = D988A5C716DD464A00D7D392 /* TISensorTag.c */; };
		D9971AEA1720A9A100B1A068 /* DEAPeripheralTableViewCell.xib in Resources */ = {isa = PBXBuildFile; fileRef = D9971AE91720A9A100B1A068 /* DEAPeripheralTableViewCell.xib */; };
		D9971AEE1720AA7E00B1A068 /* DEAPeripheralTableViewCell.m in Sources */ = {isa = PBXBuildFile; fileRef = D9971AED1720AA7E00B1A068 /* DEAPeripheralTableViewCell.m */; };
		D9C5012216AB37DD001D4D4F /* DEAPeripheralsViewController.m in Sources */ = {isa = PBXBuildFile; fileRef = D9C5012016AB37DD001D4D4F /* DEAPeripheralsViewController.m */; };
		D9C5012316AB37DD001D4D4F /* DEAPeripheralsViewController.xib in Resources */ = {isa = PBXBuildFile; fileRef = D9C5012116AB37DD001D4D4F /* DEAPeripheralsViewController.xib */; };
		D9D8316D168449FE00F51E42 /* DEASimpleKeysService.m in Sources */ = {isa = PBXBuildFile; fileRef = D9D8316C168449FD00F51E42 /* DEASimpleKeysService.m */; };
		D9DE671116E0223E00F1B15C /* DEABarometerService.m in Sources */ = {isa = PBXBuildFile; fileRef = D9DE671016E0223E00F1B15C /* DEABarometerService.m */; };
		D9F412F016DED0030094FEFA /* DEASensorTagViewController.m in Sources */ = {isa = PBXBuildFile; fileRef = D9F412EE16DED0030094FEFA /* DEASensorTagViewController.m */; };
		D9F412F116DED0030094FEFA /* DEASensorTagViewController.xib in Resources */ = {isa = PBXBuildFile; fileRef = D9F412EF16DED0030094FEFA /* DEASensorTagViewController.xib */; };
		D9F412F416DED7510094FEFA /* DEATemperatureViewCell.m in Sources */ = {isa = PBXBuildFile; fileRef = D9F412F316DED7510094FEFA /* DEATemperatureViewCell.m */; };
		D9F412F716DEE76C0094FEFA /* DEAAccelerometerViewCell.m in Sources */ = {isa = PBXBuildFile; fileRef = D9F412F616DEE76C0094FEFA /* DEAAccelerometerViewCell.m */; };
		D9F412FA16DEF6140094FEFA /* DEAHumidityViewCell.m in Sources */ = {isa = PBXBuildFile; fileRef = D9F412F916DEF6130094FEFA /* DEAHumidityViewCell.m */; };
		D9F412FD16DEFA510094FEFA /* DEASimpleKeysViewCell.m in Sources */ = {isa = PBXBuildFile; fileRef = D9F412FC16DEFA510094FEFA /* DEASimpleKeysViewCell.m */; };
/* End PBXBuildFile section */

/* Begin PBXContainerItemProxy section */
		D9718B67167F9FA00001E42C /* PBXContainerItemProxy */ = {
			isa = PBXContainerItemProxy;
			containerPortal = D9718B38167F9F9F0001E42C /* Project object */;
			proxyType = 1;
			remoteGlobalIDString = D9718B40167F9F9F0001E42C;
			remoteInfo = Deanna;
		};
/* End PBXContainerItemProxy section */

/* Begin PBXFileReference section */
		D906E5EF16DCAC55001D7932 /* DEACBAppService.h */ = {isa = PBXFileReference; fileEncoding = 4; lastKnownFileType = sourcecode.c.h; path = DEACBAppService.h; sourceTree = "<group>"; };
		D906E5F016DCAC55001D7932 /* DEACBAppService.m */ = {isa = PBXFileReference; fileEncoding = 4; lastKnownFileType = sourcecode.c.objc; path = DEACBAppService.m; sourceTree = "<group>"; };
		D907A76916E0393300EA8D5B /* DEABarometerViewCell.h */ = {isa = PBXFileReference; fileEncoding = 4; lastKnownFileType = sourcecode.c.h; path = DEABarometerViewCell.h; sourceTree = "<group>"; };
		D907A76A16E0393300EA8D5B /* DEABarometerViewCell.m */ = {isa = PBXFileReference; fileEncoding = 4; lastKnownFileType = sourcecode.c.objc; path = DEABarometerViewCell.m; sourceTree = "<group>"; };
		D90C0C3816DD6297002D3FFD /* DEABaseViewController.h */ = {isa = PBXFileReference; fileEncoding = 4; lastKnownFileType = sourcecode.c.h; path = DEABaseViewController.h; sourceTree = "<group>"; };
		D90C0C3916DD6297002D3FFD /* DEABaseViewController.m */ = {isa = PBXFileReference; fileEncoding = 4; lastKnownFileType = sourcecode.c.objc; path = DEABaseViewController.m; sourceTree = "<group>"; };
		D90C0C3B16DD9133002D3FFD /* DEAHumidityService.h */ = {isa = PBXFileReference; fileEncoding = 4; lastKnownFileType = sourcecode.c.h; path = DEAHumidityService.h; sourceTree = "<group>"; };
		D90C0C3C16DD9133002D3FFD /* DEAHumidityService.m */ = {isa = PBXFileReference; fileEncoding = 4; lastKnownFileType = sourcecode.c.objc; path = DEAHumidityService.m; sourceTree = "<group>"; };
		D91170511681251900E2D19A /* DEATemperatureService.h */ = {isa = PBXFileReference; fileEncoding = 4; lastKnownFileType = sourcecode.c.h; path = DEATemperatureService.h; sourceTree = "<group>"; };
		D91170521681251900E2D19A /* DEATemperatureService.m */ = {isa = PBXFileReference; fileEncoding = 4; lastKnownFileType = sourcecode.c.objc; path = DEATemperatureService.m; sourceTree = "<group>"; };
		D91170541681461300E2D19A /* DEAAccelerometerService.h */ = {isa = PBXFileReference; fileEncoding = 4; lastKnownFileType = sourcecode.c.h; path = DEAAccelerometerService.h; sourceTree = "<group>"; };
		D91170551681461300E2D19A /* DEAAccelerometerService.m */ = {isa = PBXFileReference; fileEncoding = 4; lastKnownFileType = sourcecode.c.objc; path = DEAAccelerometerService.m; sourceTree = "<group>"; };
		D933CEC316DDAFA700EDDAD6 /* YMS128.c */ = {isa = PBXFileReference; fileEncoding = 4; lastKnownFileType = sourcecode.c.c; path = YMS128.c; sourceTree = "<group>"; };
		D933CEC416DDAFA700EDDAD6 /* YMS128.h */ = {isa = PBXFileReference; fileEncoding = 4; lastKnownFileType = sourcecode.c.h; path = YMS128.h; sourceTree = "<group>"; };
		D933CEC516DDAFA700EDDAD6 /* YMSCBAppService.h */ = {isa = PBXFileReference; fileEncoding = 4; lastKnownFileType = sourcecode.c.h; path = YMSCBAppService.h; sourceTree = "<group>"; };
		D933CEC616DDAFA700EDDAD6 /* YMSCBAppService.m */ = {isa = PBXFileReference; fileEncoding = 4; lastKnownFileType = sourcecode.c.objc; path = YMSCBAppService.m; sourceTree = "<group>"; };
		D933CEC716DDAFA700EDDAD6 /* YMSCBCharacteristic.h */ = {isa = PBXFileReference; fileEncoding = 4; lastKnownFileType = sourcecode.c.h; path = YMSCBCharacteristic.h; sourceTree = "<group>"; };
		D933CEC816DDAFA700EDDAD6 /* YMSCBCharacteristic.m */ = {isa = PBXFileReference; fileEncoding = 4; lastKnownFileType = sourcecode.c.objc; path = YMSCBCharacteristic.m; sourceTree = "<group>"; };
		D933CEC916DDAFA700EDDAD6 /* YMSCBPeripheral.h */ = {isa = PBXFileReference; fileEncoding = 4; lastKnownFileType = sourcecode.c.h; path = YMSCBPeripheral.h; sourceTree = "<group>"; };
		D933CECA16DDAFA700EDDAD6 /* YMSCBPeripheral.m */ = {isa = PBXFileReference; fileEncoding = 4; lastKnownFileType = sourcecode.c.objc; path = YMSCBPeripheral.m; sourceTree = "<group>"; };
		D933CECB16DDAFA700EDDAD6 /* YMSCBService.h */ = {isa = PBXFileReference; fileEncoding = 4; lastKnownFileType = sourcecode.c.h; path = YMSCBService.h; sourceTree = "<group>"; };
		D933CECC16DDAFA700EDDAD6 /* YMSCBService.m */ = {isa = PBXFileReference; fileEncoding = 4; lastKnownFileType = sourcecode.c.objc; path = YMSCBService.m; sourceTree = "<group>"; };
		D933CECD16DDAFA700EDDAD6 /* YMSCBUtils.h */ = {isa = PBXFileReference; fileEncoding = 4; lastKnownFileType = sourcecode.c.h; path = YMSCBUtils.h; sourceTree = "<group>"; };
		D933CECE16DDAFA700EDDAD6 /* YMSCBUtils.m */ = {isa = PBXFileReference; fileEncoding = 4; lastKnownFileType = sourcecode.c.objc; path = YMSCBUtils.m; sourceTree = "<group>"; };
		D93EAC4E16E18711008B1BD3 /* DEAGyroscopeService.h */ = {isa = PBXFileReference; fileEncoding = 4; lastKnownFileType = sourcecode.c.h; path = DEAGyroscopeService.h; sourceTree = "<group>"; };
		D93EAC4F16E18711008B1BD3 /* DEAGyroscopeService.m */ = {isa = PBXFileReference; fileEncoding = 4; lastKnownFileType = sourcecode.c.objc; path = DEAGyroscopeService.m; sourceTree = "<group>"; };
		D93EAC5116E18748008B1BD3 /* DEAGyroscopeViewCell.h */ = {isa = PBXFileReference; fileEncoding = 4; lastKnownFileType = sourcecode.c.h; path = DEAGyroscopeViewCell.h; sourceTree = "<group>"; };
		D93EAC5216E18748008B1BD3 /* DEAGyroscopeViewCell.m */ = {isa = PBXFileReference; fileEncoding = 4; lastKnownFileType = sourcecode.c.objc; path = DEAGyroscopeViewCell.m; sourceTree = "<group>"; };
		D93EAC5416E1DAC8008B1BD3 /* DEAMagnetometerViewCell.h */ = {isa = PBXFileReference; fileEncoding = 4; lastKnownFileType = sourcecode.c.h; path = DEAMagnetometerViewCell.h; sourceTree = "<group>"; };
		D93EAC5516E1DAC8008B1BD3 /* DEAMagnetometerViewCell.m */ = {isa = PBXFileReference; fileEncoding = 4; lastKnownFileType = sourcecode.c.objc; path = DEAMagnetometerViewCell.m; sourceTree = "<group>"; };
		D93EAC5716E1DAF5008B1BD3 /* DEAMagnetometerService.h */ = {isa = PBXFileReference; fileEncoding = 4; lastKnownFileType = sourcecode.c.h; path = DEAMagnetometerService.h; sourceTree = "<group>"; };
		D93EAC5816E1DAF5008B1BD3 /* DEAMagnetometerService.m */ = {isa = PBXFileReference; fileEncoding = 4; lastKnownFileType = sourcecode.c.objc; path = DEAMagnetometerService.m; sourceTree = "<group>"; };
		D9718B41167F9F9F0001E42C /* Deanna.app */ = {isa = PBXFileReference; explicitFileType = wrapper.application; includeInIndex = 0; path = Deanna.app; sourceTree = BUILT_PRODUCTS_DIR; };
		D9718B45167F9F9F0001E42C /* UIKit.framework */ = {isa = PBXFileReference; lastKnownFileType = wrapper.framework; name = UIKit.framework; path = System/Library/Frameworks/UIKit.framework; sourceTree = SDKROOT; };
		D9718B47167F9F9F0001E42C /* Foundation.framework */ = {isa = PBXFileReference; lastKnownFileType = wrapper.framework; name = Foundation.framework; path = System/Library/Frameworks/Foundation.framework; sourceTree = SDKROOT; };
		D9718B49167F9F9F0001E42C /* CoreGraphics.framework */ = {isa = PBXFileReference; lastKnownFileType = wrapper.framework; name = CoreGraphics.framework; path = System/Library/Frameworks/CoreGraphics.framework; sourceTree = SDKROOT; };
		D9718B4D167F9F9F0001E42C /* Deanna-Info.plist */ = {isa = PBXFileReference; lastKnownFileType = text.plist.xml; path = "Deanna-Info.plist"; sourceTree = "<group>"; };
		D9718B4F167F9F9F0001E42C /* en */ = {isa = PBXFileReference; lastKnownFileType = text.plist.strings; name = en; path = en.lproj/InfoPlist.strings; sourceTree = "<group>"; };
		D9718B51167F9F9F0001E42C /* main.m */ = {isa = PBXFileReference; lastKnownFileType = sourcecode.c.objc; path = main.m; sourceTree = "<group>"; };
		D9718B53167F9F9F0001E42C /* Deanna-Prefix.pch */ = {isa = PBXFileReference; lastKnownFileType = sourcecode.c.h; path = "Deanna-Prefix.pch"; sourceTree = "<group>"; };
		D9718B54167F9F9F0001E42C /* DEAAppDelegate.h */ = {isa = PBXFileReference; lastKnownFileType = sourcecode.c.h; path = DEAAppDelegate.h; sourceTree = "<group>"; };
		D9718B55167F9F9F0001E42C /* DEAAppDelegate.m */ = {isa = PBXFileReference; lastKnownFileType = sourcecode.c.objc; path = DEAAppDelegate.m; sourceTree = "<group>"; };
		D9718B57167F9F9F0001E42C /* Default.png */ = {isa = PBXFileReference; lastKnownFileType = image.png; path = Default.png; sourceTree = "<group>"; };
		D9718B59167F9FA00001E42C /* Default@2x.png */ = {isa = PBXFileReference; lastKnownFileType = image.png; path = "Default@2x.png"; sourceTree = "<group>"; };
		D9718B5B167F9FA00001E42C /* Default-568h@2x.png */ = {isa = PBXFileReference; lastKnownFileType = image.png; path = "Default-568h@2x.png"; sourceTree = "<group>"; };
		D9718B62167F9FA00001E42C /* DeannaTests.octest */ = {isa = PBXFileReference; explicitFileType = wrapper.cfbundle; includeInIndex = 0; path = DeannaTests.octest; sourceTree = BUILT_PRODUCTS_DIR; };
		D9718B63167F9FA00001E42C /* SenTestingKit.framework */ = {isa = PBXFileReference; lastKnownFileType = wrapper.framework; name = SenTestingKit.framework; path = Library/Frameworks/SenTestingKit.framework; sourceTree = DEVELOPER_DIR; };
		D9718B6B167F9FA00001E42C /* DeannaTests-Info.plist */ = {isa = PBXFileReference; lastKnownFileType = text.plist.xml; path = "DeannaTests-Info.plist"; sourceTree = "<group>"; };
		D9718B6D167F9FA00001E42C /* en */ = {isa = PBXFileReference; lastKnownFileType = text.plist.strings; name = en; path = en.lproj/InfoPlist.strings; sourceTree = "<group>"; };
		D9718B6F167F9FA00001E42C /* DeannaTests.h */ = {isa = PBXFileReference; lastKnownFileType = sourcecode.c.h; path = DeannaTests.h; sourceTree = "<group>"; };
		D9718B70167F9FA00001E42C /* DeannaTests.m */ = {isa = PBXFileReference; lastKnownFileType = sourcecode.c.objc; path = DeannaTests.m; sourceTree = "<group>"; };
		D9718B8E167FA5140001E42C /* CoreBluetooth.framework */ = {isa = PBXFileReference; lastKnownFileType = wrapper.framework; name = CoreBluetooth.framework; path = System/Library/Frameworks/CoreBluetooth.framework; sourceTree = SDKROOT; };
		D9718B94167FA91F0001E42C /* TISensorTag.h */ = {isa = PBXFileReference; lastKnownFileType = sourcecode.c.h; path = TISensorTag.h; sourceTree = "<group>"; };
		D988A5C416DD26A100D7D392 /* DEASensorTag.h */ = {isa = PBXFileReference; fileEncoding = 4; lastKnownFileType = sourcecode.c.h; path = DEASensorTag.h; sourceTree = "<group>"; };
		D988A5C516DD26A100D7D392 /* DEASensorTag.m */ = {isa = PBXFileReference; fileEncoding = 4; lastKnownFileType = sourcecode.c.objc; path = DEASensorTag.m; sourceTree = "<group>"; };
		D988A5C716DD464A00D7D392 /* TISensorTag.c */ = {isa = PBXFileReference; fileEncoding = 4; lastKnownFileType = sourcecode.c.c; path = TISensorTag.c; sourceTree = "<group>"; };
		D9971AE91720A9A100B1A068 /* DEAPeripheralTableViewCell.xib */ = {isa = PBXFileReference; fileEncoding = 4; lastKnownFileType = file.xib; path = DEAPeripheralTableViewCell.xib; sourceTree = "<group>"; };
		D9971AEC1720AA7E00B1A068 /* DEAPeripheralTableViewCell.h */ = {isa = PBXFileReference; fileEncoding = 4; lastKnownFileType = sourcecode.c.h; path = DEAPeripheralTableViewCell.h; sourceTree = "<group>"; };
		D9971AED1720AA7E00B1A068 /* DEAPeripheralTableViewCell.m */ = {isa = PBXFileReference; fileEncoding = 4; lastKnownFileType = sourcecode.c.objc; path = DEAPeripheralTableViewCell.m; sourceTree = "<group>"; };
		D9C5011F16AB37DD001D4D4F /* DEAPeripheralsViewController.h */ = {isa = PBXFileReference; fileEncoding = 4; lastKnownFileType = sourcecode.c.h; path = DEAPeripheralsViewController.h; sourceTree = "<group>"; };
		D9C5012016AB37DD001D4D4F /* DEAPeripheralsViewController.m */ = {isa = PBXFileReference; fileEncoding = 4; lastKnownFileType = sourcecode.c.objc; path = DEAPeripheralsViewController.m; sourceTree = "<group>"; };
		D9C5012116AB37DD001D4D4F /* DEAPeripheralsViewController.xib */ = {isa = PBXFileReference; fileEncoding = 4; lastKnownFileType = file.xib; path = DEAPeripheralsViewController.xib; sourceTree = "<group>"; };
		D9D8316B168449FD00F51E42 /* DEASimpleKeysService.h */ = {isa = PBXFileReference; fileEncoding = 4; lastKnownFileType = sourcecode.c.h; path = DEASimpleKeysService.h; sourceTree = "<group>"; };
		D9D8316C168449FD00F51E42 /* DEASimpleKeysService.m */ = {isa = PBXFileReference; fileEncoding = 4; lastKnownFileType = sourcecode.c.objc; path = DEASimpleKeysService.m; sourceTree = "<group>"; };
		D9DE670F16E0223E00F1B15C /* DEABarometerService.h */ = {isa = PBXFileReference; fileEncoding = 4; lastKnownFileType = sourcecode.c.h; path = DEABarometerService.h; sourceTree = "<group>"; };
		D9DE671016E0223E00F1B15C /* DEABarometerService.m */ = {isa = PBXFileReference; fileEncoding = 4; lastKnownFileType = sourcecode.c.objc; path = DEABarometerService.m; sourceTree = "<group>"; };
		D9F412ED16DED0030094FEFA /* DEASensorTagViewController.h */ = {isa = PBXFileReference; fileEncoding = 4; lastKnownFileType = sourcecode.c.h; path = DEASensorTagViewController.h; sourceTree = "<group>"; };
		D9F412EE16DED0030094FEFA /* DEASensorTagViewController.m */ = {isa = PBXFileReference; fileEncoding = 4; lastKnownFileType = sourcecode.c.objc; path = DEASensorTagViewController.m; sourceTree = "<group>"; };
		D9F412EF16DED0030094FEFA /* DEASensorTagViewController.xib */ = {isa = PBXFileReference; fileEncoding = 4; lastKnownFileType = file.xib; path = DEASensorTagViewController.xib; sourceTree = "<group>"; };
		D9F412F216DED7510094FEFA /* DEATemperatureViewCell.h */ = {isa = PBXFileReference; fileEncoding = 4; lastKnownFileType = sourcecode.c.h; path = DEATemperatureViewCell.h; sourceTree = "<group>"; };
		D9F412F316DED7510094FEFA /* DEATemperatureViewCell.m */ = {isa = PBXFileReference; fileEncoding = 4; lastKnownFileType = sourcecode.c.objc; path = DEATemperatureViewCell.m; sourceTree = "<group>"; };
		D9F412F516DEE76C0094FEFA /* DEAAccelerometerViewCell.h */ = {isa = PBXFileReference; fileEncoding = 4; lastKnownFileType = sourcecode.c.h; path = DEAAccelerometerViewCell.h; sourceTree = "<group>"; };
		D9F412F616DEE76C0094FEFA /* DEAAccelerometerViewCell.m */ = {isa = PBXFileReference; fileEncoding = 4; lastKnownFileType = sourcecode.c.objc; path = DEAAccelerometerViewCell.m; sourceTree = "<group>"; };
		D9F412F816DEF6130094FEFA /* DEAHumidityViewCell.h */ = {isa = PBXFileReference; fileEncoding = 4; lastKnownFileType = sourcecode.c.h; path = DEAHumidityViewCell.h; sourceTree = "<group>"; };
		D9F412F916DEF6130094FEFA /* DEAHumidityViewCell.m */ = {isa = PBXFileReference; fileEncoding = 4; lastKnownFileType = sourcecode.c.objc; path = DEAHumidityViewCell.m; sourceTree = "<group>"; };
		D9F412FB16DEFA500094FEFA /* DEASimpleKeysViewCell.h */ = {isa = PBXFileReference; fileEncoding = 4; lastKnownFileType = sourcecode.c.h; path = DEASimpleKeysViewCell.h; sourceTree = "<group>"; };
		D9F412FC16DEFA510094FEFA /* DEASimpleKeysViewCell.m */ = {isa = PBXFileReference; fileEncoding = 4; lastKnownFileType = sourcecode.c.objc; path = DEASimpleKeysViewCell.m; sourceTree = "<group>"; };
/* End PBXFileReference section */

/* Begin PBXFrameworksBuildPhase section */
		D9718B3E167F9F9F0001E42C /* Frameworks */ = {
			isa = PBXFrameworksBuildPhase;
			buildActionMask = 2147483647;
			files = (
				D9718B8F167FA5140001E42C /* CoreBluetooth.framework in Frameworks */,
				D9718B46167F9F9F0001E42C /* UIKit.framework in Frameworks */,
				D9718B48167F9F9F0001E42C /* Foundation.framework in Frameworks */,
				D9718B4A167F9F9F0001E42C /* CoreGraphics.framework in Frameworks */,
			);
			runOnlyForDeploymentPostprocessing = 0;
		};
		D9718B5E167F9FA00001E42C /* Frameworks */ = {
			isa = PBXFrameworksBuildPhase;
			buildActionMask = 2147483647;
			files = (
				D9718B64167F9FA00001E42C /* SenTestingKit.framework in Frameworks */,
				D9718B65167F9FA00001E42C /* UIKit.framework in Frameworks */,
				D9718B66167F9FA00001E42C /* Foundation.framework in Frameworks */,
			);
			runOnlyForDeploymentPostprocessing = 0;
		};
/* End PBXFrameworksBuildPhase section */

/* Begin PBXGroup section */
		D933CEC216DDAFA700EDDAD6 /* YmsCoreBluetooth */ = {
			isa = PBXGroup;
			children = (
				D933CEC416DDAFA700EDDAD6 /* YMS128.h */,
				D933CEC316DDAFA700EDDAD6 /* YMS128.c */,
				D933CEC516DDAFA700EDDAD6 /* YMSCBAppService.h */,
				D933CEC616DDAFA700EDDAD6 /* YMSCBAppService.m */,
				D933CEC716DDAFA700EDDAD6 /* YMSCBCharacteristic.h */,
				D933CEC816DDAFA700EDDAD6 /* YMSCBCharacteristic.m */,
				D933CEC916DDAFA700EDDAD6 /* YMSCBPeripheral.h */,
				D933CECA16DDAFA700EDDAD6 /* YMSCBPeripheral.m */,
				D933CECB16DDAFA700EDDAD6 /* YMSCBService.h */,
				D933CECC16DDAFA700EDDAD6 /* YMSCBService.m */,
				D933CECD16DDAFA700EDDAD6 /* YMSCBUtils.h */,
				D933CECE16DDAFA700EDDAD6 /* YMSCBUtils.m */,
			);
			path = YmsCoreBluetooth;
			sourceTree = "<group>";
		};
		D9718B36167F9F9F0001E42C = {
			isa = PBXGroup;
			children = (
				D933CEC216DDAFA700EDDAD6 /* YmsCoreBluetooth */,
				D9718B4B167F9F9F0001E42C /* Deanna */,
				D9718B69167F9FA00001E42C /* DeannaTests */,
				D9718B44167F9F9F0001E42C /* Frameworks */,
				D9718B42167F9F9F0001E42C /* Products */,
			);
			sourceTree = "<group>";
		};
		D9718B42167F9F9F0001E42C /* Products */ = {
			isa = PBXGroup;
			children = (
				D9718B41167F9F9F0001E42C /* Deanna.app */,
				D9718B62167F9FA00001E42C /* DeannaTests.octest */,
			);
			name = Products;
			sourceTree = "<group>";
		};
		D9718B44167F9F9F0001E42C /* Frameworks */ = {
			isa = PBXGroup;
			children = (
				D9718B8E167FA5140001E42C /* CoreBluetooth.framework */,
				D9718B45167F9F9F0001E42C /* UIKit.framework */,
				D9718B47167F9F9F0001E42C /* Foundation.framework */,
				D9718B49167F9F9F0001E42C /* CoreGraphics.framework */,
				D9718B63167F9FA00001E42C /* SenTestingKit.framework */,
			);
			name = Frameworks;
			sourceTree = "<group>";
		};
		D9718B4B167F9F9F0001E42C /* Deanna */ = {
			isa = PBXGroup;
			children = (
				D9718B54167F9F9F0001E42C /* DEAAppDelegate.h */,
				D9718B55167F9F9F0001E42C /* DEAAppDelegate.m */,
				D9718B83167FA1400001E42C /* Services */,
				D9718B82167FA1360001E42C /* Controllers */,
				D9971AEB1720AA5600B1A068 /* UI */,
				D9718B84167FA1450001E42C /* XIBs */,
				D9718B4C167F9F9F0001E42C /* Supporting Files */,
			);
			path = Deanna;
			sourceTree = "<group>";
		};
		D9718B4C167F9F9F0001E42C /* Supporting Files */ = {
			isa = PBXGroup;
			children = (
				D9718B4D167F9F9F0001E42C /* Deanna-Info.plist */,
				D9718B4E167F9F9F0001E42C /* InfoPlist.strings */,
				D9718B51167F9F9F0001E42C /* main.m */,
				D9718B53167F9F9F0001E42C /* Deanna-Prefix.pch */,
				D9718B57167F9F9F0001E42C /* Default.png */,
				D9718B59167F9FA00001E42C /* Default@2x.png */,
				D9718B5B167F9FA00001E42C /* Default-568h@2x.png */,
			);
			name = "Supporting Files";
			sourceTree = "<group>";
		};
		D9718B69167F9FA00001E42C /* DeannaTests */ = {
			isa = PBXGroup;
			children = (
				D9718B6F167F9FA00001E42C /* DeannaTests.h */,
				D9718B70167F9FA00001E42C /* DeannaTests.m */,
				D9718B6A167F9FA00001E42C /* Supporting Files */,
			);
			path = DeannaTests;
			sourceTree = "<group>";
		};
		D9718B6A167F9FA00001E42C /* Supporting Files */ = {
			isa = PBXGroup;
			children = (
				D9718B6B167F9FA00001E42C /* DeannaTests-Info.plist */,
				D9718B6C167F9FA00001E42C /* InfoPlist.strings */,
			);
			name = "Supporting Files";
			sourceTree = "<group>";
		};
		D9718B82167FA1360001E42C /* Controllers */ = {
			isa = PBXGroup;
			children = (
				D90C0C3816DD6297002D3FFD /* DEABaseViewController.h */,
				D90C0C3916DD6297002D3FFD /* DEABaseViewController.m */,
				D9C5011F16AB37DD001D4D4F /* DEAPeripheralsViewController.h */,
				D9C5012016AB37DD001D4D4F /* DEAPeripheralsViewController.m */,
				D9F412ED16DED0030094FEFA /* DEASensorTagViewController.h */,
				D9F412EE16DED0030094FEFA /* DEASensorTagViewController.m */,
				D9DE671216E036C100F1B15C /* Sensors */,
			);
			name = Controllers;
			sourceTree = "<group>";
		};
		D9718B83167FA1400001E42C /* Services */ = {
			isa = PBXGroup;
			children = (
				D906E5EF16DCAC55001D7932 /* DEACBAppService.h */,
				D906E5F016DCAC55001D7932 /* DEACBAppService.m */,
				D9CB2C0616A71F8E00279DDA /* SensorTag */,
			);
			name = Services;
			sourceTree = "<group>";
		};
		D9718B84167FA1450001E42C /* XIBs */ = {
			isa = PBXGroup;
			children = (
				D9C5012116AB37DD001D4D4F /* DEAPeripheralsViewController.xib */,
				D9F412EF16DED0030094FEFA /* DEASensorTagViewController.xib */,
				D9971AE91720A9A100B1A068 /* DEAPeripheralTableViewCell.xib */,
			);
			name = XIBs;
			sourceTree = "<group>";
		};
		D9971AEB1720AA5600B1A068 /* UI */ = {
			isa = PBXGroup;
			children = (
				D9971AEC1720AA7E00B1A068 /* DEAPeripheralTableViewCell.h */,
				D9971AED1720AA7E00B1A068 /* DEAPeripheralTableViewCell.m */,
			);
			name = UI;
			sourceTree = "<group>";
		};
		D9CB2C0616A71F8E00279DDA /* SensorTag */ = {
			isa = PBXGroup;
			children = (
				D9718B94167FA91F0001E42C /* TISensorTag.h */,
				D988A5C716DD464A00D7D392 /* TISensorTag.c */,
				D988A5C416DD26A100D7D392 /* DEASensorTag.h */,
				D988A5C516DD26A100D7D392 /* DEASensorTag.m */,
				D9CB2C0716A71FC300279DDA /* Services */,
			);
			name = SensorTag;
			sourceTree = "<group>";
		};
		D9CB2C0716A71FC300279DDA /* Services */ = {
			isa = PBXGroup;
			children = (
				D91170511681251900E2D19A /* DEATemperatureService.h */,
				D91170521681251900E2D19A /* DEATemperatureService.m */,
				D91170541681461300E2D19A /* DEAAccelerometerService.h */,
				D91170551681461300E2D19A /* DEAAccelerometerService.m */,
				D9D8316B168449FD00F51E42 /* DEASimpleKeysService.h */,
				D9D8316C168449FD00F51E42 /* DEASimpleKeysService.m */,
				D90C0C3B16DD9133002D3FFD /* DEAHumidityService.h */,
				D90C0C3C16DD9133002D3FFD /* DEAHumidityService.m */,
				D9DE670F16E0223E00F1B15C /* DEABarometerService.h */,
				D9DE671016E0223E00F1B15C /* DEABarometerService.m */,
				D93EAC4E16E18711008B1BD3 /* DEAGyroscopeService.h */,
				D93EAC4F16E18711008B1BD3 /* DEAGyroscopeService.m */,
				D93EAC5716E1DAF5008B1BD3 /* DEAMagnetometerService.h */,
				D93EAC5816E1DAF5008B1BD3 /* DEAMagnetometerService.m */,
			);
			name = Services;
			sourceTree = "<group>";
		};
		D9DE671216E036C100F1B15C /* Sensors */ = {
			isa = PBXGroup;
			children = (
				D9F412F216DED7510094FEFA /* DEATemperatureViewCell.h */,
				D9F412F316DED7510094FEFA /* DEATemperatureViewCell.m */,
				D9F412F516DEE76C0094FEFA /* DEAAccelerometerViewCell.h */,
				D9F412F616DEE76C0094FEFA /* DEAAccelerometerViewCell.m */,
				D9F412F816DEF6130094FEFA /* DEAHumidityViewCell.h */,
				D9F412F916DEF6130094FEFA /* DEAHumidityViewCell.m */,
				D9F412FB16DEFA500094FEFA /* DEASimpleKeysViewCell.h */,
				D9F412FC16DEFA510094FEFA /* DEASimpleKeysViewCell.m */,
				D907A76916E0393300EA8D5B /* DEABarometerViewCell.h */,
				D907A76A16E0393300EA8D5B /* DEABarometerViewCell.m */,
				D93EAC5116E18748008B1BD3 /* DEAGyroscopeViewCell.h */,
				D93EAC5216E18748008B1BD3 /* DEAGyroscopeViewCell.m */,
				D93EAC5416E1DAC8008B1BD3 /* DEAMagnetometerViewCell.h */,
				D93EAC5516E1DAC8008B1BD3 /* DEAMagnetometerViewCell.m */,
			);
			name = Sensors;
			sourceTree = "<group>";
		};
/* End PBXGroup section */

/* Begin PBXNativeTarget section */
		D9718B40167F9F9F0001E42C /* Deanna */ = {
			isa = PBXNativeTarget;
			buildConfigurationList = D9718B74167F9FA00001E42C /* Build configuration list for PBXNativeTarget "Deanna" */;
			buildPhases = (
				D9718B3D167F9F9F0001E42C /* Sources */,
				D9718B3E167F9F9F0001E42C /* Frameworks */,
				D9718B3F167F9F9F0001E42C /* Resources */,
			);
			buildRules = (
			);
			dependencies = (
			);
			name = Deanna;
			productName = Deanna;
			productReference = D9718B41167F9F9F0001E42C /* Deanna.app */;
			productType = "com.apple.product-type.application";
		};
		D9718B61167F9FA00001E42C /* DeannaTests */ = {
			isa = PBXNativeTarget;
			buildConfigurationList = D9718B77167F9FA00001E42C /* Build configuration list for PBXNativeTarget "DeannaTests" */;
			buildPhases = (
				D9718B5D167F9FA00001E42C /* Sources */,
				D9718B5E167F9FA00001E42C /* Frameworks */,
				D9718B5F167F9FA00001E42C /* Resources */,
				D9718B60167F9FA00001E42C /* ShellScript */,
			);
			buildRules = (
			);
			dependencies = (
				D9718B68167F9FA00001E42C /* PBXTargetDependency */,
			);
			name = DeannaTests;
			productName = DeannaTests;
			productReference = D9718B62167F9FA00001E42C /* DeannaTests.octest */;
			productType = "com.apple.product-type.bundle";
		};
/* End PBXNativeTarget section */

/* Begin PBXProject section */
		D9718B38167F9F9F0001E42C /* Project object */ = {
			isa = PBXProject;
			attributes = {
				CLASSPREFIX = DEA;
				LastUpgradeCheck = 0450;
				ORGANIZATIONNAME = "Yummy Melon Software";
			};
			buildConfigurationList = D9718B3B167F9F9F0001E42C /* Build configuration list for PBXProject "Deanna" */;
			compatibilityVersion = "Xcode 3.2";
			developmentRegion = English;
			hasScannedForEncodings = 0;
			knownRegions = (
				en,
			);
			mainGroup = D9718B36167F9F9F0001E42C;
			productRefGroup = D9718B42167F9F9F0001E42C /* Products */;
			projectDirPath = "";
			projectRoot = "";
			targets = (
				D9718B40167F9F9F0001E42C /* Deanna */,
				D9718B61167F9FA00001E42C /* DeannaTests */,
			);
		};
/* End PBXProject section */

/* Begin PBXResourcesBuildPhase section */
		D9718B3F167F9F9F0001E42C /* Resources */ = {
			isa = PBXResourcesBuildPhase;
			buildActionMask = 2147483647;
			files = (
				D9718B50167F9F9F0001E42C /* InfoPlist.strings in Resources */,
				D9718B58167F9FA00001E42C /* Default.png in Resources */,
				D9718B5A167F9FA00001E42C /* Default@2x.png in Resources */,
				D9718B5C167F9FA00001E42C /* Default-568h@2x.png in Resources */,
				D9C5012316AB37DD001D4D4F /* DEAPeripheralsViewController.xib in Resources */,
				D9F412F116DED0030094FEFA /* DEASensorTagViewController.xib in Resources */,
				D9971AEA1720A9A100B1A068 /* DEAPeripheralTableViewCell.xib in Resources */,
			);
			runOnlyForDeploymentPostprocessing = 0;
		};
		D9718B5F167F9FA00001E42C /* Resources */ = {
			isa = PBXResourcesBuildPhase;
			buildActionMask = 2147483647;
			files = (
				D9718B6E167F9FA00001E42C /* InfoPlist.strings in Resources */,
			);
			runOnlyForDeploymentPostprocessing = 0;
		};
/* End PBXResourcesBuildPhase section */

/* Begin PBXShellScriptBuildPhase section */
		D9718B60167F9FA00001E42C /* ShellScript */ = {
			isa = PBXShellScriptBuildPhase;
			buildActionMask = 2147483647;
			files = (
			);
			inputPaths = (
			);
			outputPaths = (
			);
			runOnlyForDeploymentPostprocessing = 0;
			shellPath = /bin/sh;
			shellScript = "# Run the unit tests in this test bundle.\n\"${SYSTEM_DEVELOPER_DIR}/Tools/RunUnitTests\"\n";
		};
/* End PBXShellScriptBuildPhase section */

/* Begin PBXSourcesBuildPhase section */
		D9718B3D167F9F9F0001E42C /* Sources */ = {
			isa = PBXSourcesBuildPhase;
			buildActionMask = 2147483647;
			files = (
				D9718B52167F9F9F0001E42C /* main.m in Sources */,
				D9718B56167F9F9F0001E42C /* DEAAppDelegate.m in Sources */,
				D91170531681251900E2D19A /* DEATemperatureService.m in Sources */,
				D91170561681461300E2D19A /* DEAAccelerometerService.m in Sources */,
				D9D8316D168449FE00F51E42 /* DEASimpleKeysService.m in Sources */,
				D9C5012216AB37DD001D4D4F /* DEAPeripheralsViewController.m in Sources */,
				D906E5F116DCAC55001D7932 /* DEACBAppService.m in Sources */,
				D988A5C616DD26A100D7D392 /* DEASensorTag.m in Sources */,
				D988A5C816DD464A00D7D392 /* TISensorTag.c in Sources */,
				D90C0C3A16DD6297002D3FFD /* DEABaseViewController.m in Sources */,
				D90C0C3D16DD9133002D3FFD /* DEAHumidityService.m in Sources */,
				D933CECF16DDAFA700EDDAD6 /* YMS128.c in Sources */,
				D933CED016DDAFA700EDDAD6 /* YMSCBAppService.m in Sources */,
				D933CED116DDAFA700EDDAD6 /* YMSCBCharacteristic.m in Sources */,
				D933CED216DDAFA700EDDAD6 /* YMSCBPeripheral.m in Sources */,
				D933CED316DDAFA700EDDAD6 /* YMSCBService.m in Sources */,
				D933CED416DDAFA700EDDAD6 /* YMSCBUtils.m in Sources */,
				D9F412F016DED0030094FEFA /* DEASensorTagViewController.m in Sources */,
				D9F412F416DED7510094FEFA /* DEATemperatureViewCell.m in Sources */,
				D9F412F716DEE76C0094FEFA /* DEAAccelerometerViewCell.m in Sources */,
				D9F412FA16DEF6140094FEFA /* DEAHumidityViewCell.m in Sources */,
				D9F412FD16DEFA510094FEFA /* DEASimpleKeysViewCell.m in Sources */,
				D9DE671116E0223E00F1B15C /* DEABarometerService.m in Sources */,
				D907A76B16E0393300EA8D5B /* DEABarometerViewCell.m in Sources */,
				D93EAC5016E18711008B1BD3 /* DEAGyroscopeService.m in Sources */,
				D93EAC5316E18748008B1BD3 /* DEAGyroscopeViewCell.m in Sources */,
				D93EAC5616E1DAC8008B1BD3 /* DEAMagnetometerViewCell.m in Sources */,
				D93EAC5916E1DAF5008B1BD3 /* DEAMagnetometerService.m in Sources */,
				D9971AEE1720AA7E00B1A068 /* DEAPeripheralTableViewCell.m in Sources */,
			);
			runOnlyForDeploymentPostprocessing = 0;
		};
		D9718B5D167F9FA00001E42C /* Sources */ = {
			isa = PBXSourcesBuildPhase;
			buildActionMask = 2147483647;
			files = (
				D9718B71167F9FA00001E42C /* DeannaTests.m in Sources */,
			);
			runOnlyForDeploymentPostprocessing = 0;
		};
/* End PBXSourcesBuildPhase section */

/* Begin PBXTargetDependency section */
		D9718B68167F9FA00001E42C /* PBXTargetDependency */ = {
			isa = PBXTargetDependency;
			target = D9718B40167F9F9F0001E42C /* Deanna */;
			targetProxy = D9718B67167F9FA00001E42C /* PBXContainerItemProxy */;
		};
/* End PBXTargetDependency section */

/* Begin PBXVariantGroup section */
		D9718B4E167F9F9F0001E42C /* InfoPlist.strings */ = {
			isa = PBXVariantGroup;
			children = (
				D9718B4F167F9F9F0001E42C /* en */,
			);
			name = InfoPlist.strings;
			sourceTree = "<group>";
		};
		D9718B6C167F9FA00001E42C /* InfoPlist.strings */ = {
			isa = PBXVariantGroup;
			children = (
				D9718B6D167F9FA00001E42C /* en */,
			);
			name = InfoPlist.strings;
			sourceTree = "<group>";
		};
/* End PBXVariantGroup section */

/* Begin XCBuildConfiguration section */
		D9718B72167F9FA00001E42C /* Debug */ = {
			isa = XCBuildConfiguration;
			buildSettings = {
				ALWAYS_SEARCH_USER_PATHS = NO;
				CLANG_CXX_LANGUAGE_STANDARD = "gnu++0x";
				CLANG_CXX_LIBRARY = "libc++";
				CLANG_ENABLE_OBJC_ARC = YES;
				CLANG_WARN_EMPTY_BODY = YES;
				CLANG_WARN__DUPLICATE_METHOD_MATCH = YES;
				"CODE_SIGN_IDENTITY[sdk=iphoneos*]" = "iPhone Developer";
				COPY_PHASE_STRIP = NO;
				GCC_C_LANGUAGE_STANDARD = gnu99;
				GCC_DYNAMIC_NO_PIC = NO;
				GCC_OPTIMIZATION_LEVEL = 0;
				GCC_PREPROCESSOR_DEFINITIONS = (
					"DEBUG=1",
					"$(inherited)",
				);
				GCC_SYMBOLS_PRIVATE_EXTERN = NO;
				GCC_WARN_ABOUT_RETURN_TYPE = YES;
				GCC_WARN_UNINITIALIZED_AUTOS = YES;
				GCC_WARN_UNUSED_VARIABLE = YES;
				IPHONEOS_DEPLOYMENT_TARGET = 6.0;
				ONLY_ACTIVE_ARCH = YES;
				SDKROOT = iphoneos;
				TARGETED_DEVICE_FAMILY = "1,2";
				VERSIONING_SYSTEM = "apple-generic";
			};
			name = Debug;
		};
		D9718B73167F9FA00001E42C /* Release */ = {
			isa = XCBuildConfiguration;
			buildSettings = {
				ALWAYS_SEARCH_USER_PATHS = NO;
				CLANG_CXX_LANGUAGE_STANDARD = "gnu++0x";
				CLANG_CXX_LIBRARY = "libc++";
				CLANG_ENABLE_OBJC_ARC = YES;
				CLANG_WARN_EMPTY_BODY = YES;
				CLANG_WARN__DUPLICATE_METHOD_MATCH = YES;
				"CODE_SIGN_IDENTITY[sdk=iphoneos*]" = "iPhone Developer";
				COPY_PHASE_STRIP = YES;
				GCC_C_LANGUAGE_STANDARD = gnu99;
				GCC_WARN_ABOUT_RETURN_TYPE = YES;
				GCC_WARN_UNINITIALIZED_AUTOS = YES;
				GCC_WARN_UNUSED_VARIABLE = YES;
				IPHONEOS_DEPLOYMENT_TARGET = 6.0;
				OTHER_CFLAGS = "-DNS_BLOCK_ASSERTIONS=1";
				SDKROOT = iphoneos;
				TARGETED_DEVICE_FAMILY = "1,2";
				VALIDATE_PRODUCT = YES;
				VERSIONING_SYSTEM = "apple-generic";
			};
			name = Release;
		};
		D9718B75167F9FA00001E42C /* Debug */ = {
			isa = XCBuildConfiguration;
			buildSettings = {
				CURRENT_PROJECT_VERSION = 1;
				GCC_PRECOMPILE_PREFIX_HEADER = YES;
				GCC_PREFIX_HEADER = "Deanna/Deanna-Prefix.pch";
				INFOPLIST_FILE = "Deanna/Deanna-Info.plist";
				IPHONEOS_DEPLOYMENT_TARGET = 5.1;
				PRODUCT_NAME = "$(TARGET_NAME)";
				WRAPPER_EXTENSION = app;
			};
			name = Debug;
		};
		D9718B76167F9FA00001E42C /* Release */ = {
			isa = XCBuildConfiguration;
			buildSettings = {
				CURRENT_PROJECT_VERSION = 1;
				GCC_PRECOMPILE_PREFIX_HEADER = YES;
				GCC_PREFIX_HEADER = "Deanna/Deanna-Prefix.pch";
				INFOPLIST_FILE = "Deanna/Deanna-Info.plist";
				IPHONEOS_DEPLOYMENT_TARGET = 5.1;
				PRODUCT_NAME = "$(TARGET_NAME)";
				WRAPPER_EXTENSION = app;
			};
			name = Release;
		};
		D9718B78167F9FA00001E42C /* Debug */ = {
			isa = XCBuildConfiguration;
			buildSettings = {
				BUNDLE_LOADER = "$(BUILT_PRODUCTS_DIR)/Deanna.app/Deanna";
				CURRENT_PROJECT_VERSION = 1;
				FRAMEWORK_SEARCH_PATHS = (
					"\"$(SDKROOT)/Developer/Library/Frameworks\"",
					"\"$(DEVELOPER_LIBRARY_DIR)/Frameworks\"",
				);
				GCC_PRECOMPILE_PREFIX_HEADER = YES;
				GCC_PREFIX_HEADER = "Deanna/Deanna-Prefix.pch";
				INFOPLIST_FILE = "DeannaTests/DeannaTests-Info.plist";
				PRODUCT_NAME = "$(TARGET_NAME)";
				TEST_HOST = "$(BUNDLE_LOADER)";
				WRAPPER_EXTENSION = octest;
			};
			name = Debug;
		};
		D9718B79167F9FA00001E42C /* Release */ = {
			isa = XCBuildConfiguration;
			buildSettings = {
				BUNDLE_LOADER = "$(BUILT_PRODUCTS_DIR)/Deanna.app/Deanna";
				CURRENT_PROJECT_VERSION = 1;
				FRAMEWORK_SEARCH_PATHS = (
					"\"$(SDKROOT)/Developer/Library/Frameworks\"",
					"\"$(DEVELOPER_LIBRARY_DIR)/Frameworks\"",
				);
				GCC_PRECOMPILE_PREFIX_HEADER = YES;
				GCC_PREFIX_HEADER = "Deanna/Deanna-Prefix.pch";
				INFOPLIST_FILE = "DeannaTests/DeannaTests-Info.plist";
				PRODUCT_NAME = "$(TARGET_NAME)";
				TEST_HOST = "$(BUNDLE_LOADER)";
				WRAPPER_EXTENSION = octest;
			};
			name = Release;
		};
/* End XCBuildConfiguration section */

/* Begin XCConfigurationList section */
		D9718B3B167F9F9F0001E42C /* Build configuration list for PBXProject "Deanna" */ = {
			isa = XCConfigurationList;
			buildConfigurations = (
				D9718B72167F9FA00001E42C /* Debug */,
				D9718B73167F9FA00001E42C /* Release */,
			);
			defaultConfigurationIsVisible = 0;
			defaultConfigurationName = Release;
		};
		D9718B74167F9FA00001E42C /* Build configuration list for PBXNativeTarget "Deanna" */ = {
			isa = XCConfigurationList;
			buildConfigurations = (
				D9718B75167F9FA00001E42C /* Debug */,
				D9718B76167F9FA00001E42C /* Release */,
			);
			defaultConfigurationIsVisible = 0;
			defaultConfigurationName = Release;
		};
		D9718B77167F9FA00001E42C /* Build configuration list for PBXNativeTarget "DeannaTests" */ = {
			isa = XCConfigurationList;
			buildConfigurations = (
				D9718B78167F9FA00001E42C /* Debug */,
				D9718B79167F9FA00001E42C /* Release */,
			);
			defaultConfigurationIsVisible = 0;
			defaultConfigurationName = Release;
		};
/* End XCConfigurationList section */
	};
	rootObject = D9718B38167F9F9F0001E42C /* Project object */;
}
